// !$*UTF8*$!
{
	archiveVersion = 1;
	classes = {
	};
	objectVersion = 46;
	objects = {

/* Begin PBXBuildFile section */
		18B684F506944F2000CC6A1E /* 4DPluginAPI.c in Sources */ = {isa = PBXBuildFile; fileRef = 18B684EE06944F2000CC6A1E /* 4DPluginAPI.c */; };
		18B684F706944F2000CC6A1E /* 4DPluginAPI.h in Headers */ = {isa = PBXBuildFile; fileRef = 18B684F006944F2000CC6A1E /* 4DPluginAPI.h */; };
		18B684F806944F2000CC6A1E /* EntryPoints.h in Headers */ = {isa = PBXBuildFile; fileRef = 18B684F106944F2000CC6A1E /* EntryPoints.h */; };
		18B684F906944F2000CC6A1E /* Flags.h in Headers */ = {isa = PBXBuildFile; fileRef = 18B684F206944F2000CC6A1E /* Flags.h */; };
		18B684FA06944F2000CC6A1E /* PrivateTypes.h in Headers */ = {isa = PBXBuildFile; fileRef = 18B684F306944F2000CC6A1E /* PrivateTypes.h */; };
		18B684FB06944F2000CC6A1E /* PublicTypes.h in Headers */ = {isa = PBXBuildFile; fileRef = 18B684F406944F2000CC6A1E /* PublicTypes.h */; };
		18B685230694531300CC6A1E /* 4DPlugin.rsrc in Rez */ = {isa = PBXBuildFile; fileRef = 18B685220694531300CC6A1E /* 4DPlugin.rsrc */; };
		8D01CCCE0486CAD60068D4B7 /* Carbon.framework in Frameworks */ = {isa = PBXBuildFile; fileRef = 08EA7FFBFE8413EDC02AAC07 /* Carbon.framework */; };
		D122856D20074894008C75E5 /* libcrypto.a in Frameworks */ = {isa = PBXBuildFile; fileRef = D122856C20074894008C75E5 /* libcrypto.a */; };
		D130064F12F02D9700702C0E /* Cocoa.framework in Frameworks */ = {isa = PBXBuildFile; fileRef = D130064E12F02D9700702C0E /* Cocoa.framework */; };
		D14D83BA1A0E5C0F00AEAB07 /* InfoPlist.strings in Resources */ = {isa = PBXBuildFile; fileRef = D14D83B61A0E5C0F00AEAB07 /* InfoPlist.strings */; };
		D14D83BD1A0E5CC600AEAB07 /* 4D Plugin_Prefix.pch in Headers */ = {isa = PBXBuildFile; fileRef = D14D83BC1A0E5CC600AEAB07 /* 4D Plugin_Prefix.pch */; };
		D14D83D11A0E5D3100AEAB07 /* C_BLOB.cpp in Sources */ = {isa = PBXBuildFile; fileRef = D14D83BF1A0E5D3100AEAB07 /* C_BLOB.cpp */; };
		D14D83D21A0E5D3100AEAB07 /* C_BLOB.h in Headers */ = {isa = PBXBuildFile; fileRef = D14D83C01A0E5D3100AEAB07 /* C_BLOB.h */; };
		D14D83D31A0E5D3100AEAB07 /* C_DATE.cpp in Sources */ = {isa = PBXBuildFile; fileRef = D14D83C11A0E5D3100AEAB07 /* C_DATE.cpp */; };
		D14D83D41A0E5D3100AEAB07 /* C_DATE.h in Headers */ = {isa = PBXBuildFile; fileRef = D14D83C21A0E5D3100AEAB07 /* C_DATE.h */; };
		D14D83D51A0E5D3100AEAB07 /* C_INTEGER.cpp in Sources */ = {isa = PBXBuildFile; fileRef = D14D83C31A0E5D3100AEAB07 /* C_INTEGER.cpp */; };
		D14D83D61A0E5D3100AEAB07 /* C_INTEGER.h in Headers */ = {isa = PBXBuildFile; fileRef = D14D83C41A0E5D3100AEAB07 /* C_INTEGER.h */; };
		D14D83D71A0E5D3100AEAB07 /* C_LONGINT.cpp in Sources */ = {isa = PBXBuildFile; fileRef = D14D83C51A0E5D3100AEAB07 /* C_LONGINT.cpp */; };
		D14D83D81A0E5D3100AEAB07 /* C_LONGINT.h in Headers */ = {isa = PBXBuildFile; fileRef = D14D83C61A0E5D3100AEAB07 /* C_LONGINT.h */; };
		D14D83D91A0E5D3100AEAB07 /* C_PICTURE.cpp in Sources */ = {isa = PBXBuildFile; fileRef = D14D83C71A0E5D3100AEAB07 /* C_PICTURE.cpp */; };
		D14D83DA1A0E5D3100AEAB07 /* C_PICTURE.h in Headers */ = {isa = PBXBuildFile; fileRef = D14D83C81A0E5D3100AEAB07 /* C_PICTURE.h */; };
		D14D83DB1A0E5D3100AEAB07 /* C_POINTER.cpp in Sources */ = {isa = PBXBuildFile; fileRef = D14D83C91A0E5D3100AEAB07 /* C_POINTER.cpp */; };
		D14D83DC1A0E5D3100AEAB07 /* C_POINTER.h in Headers */ = {isa = PBXBuildFile; fileRef = D14D83CA1A0E5D3100AEAB07 /* C_POINTER.h */; };
		D14D83DD1A0E5D3100AEAB07 /* C_REAL.cpp in Sources */ = {isa = PBXBuildFile; fileRef = D14D83CB1A0E5D3100AEAB07 /* C_REAL.cpp */; };
		D14D83DE1A0E5D3100AEAB07 /* C_REAL.h in Headers */ = {isa = PBXBuildFile; fileRef = D14D83CC1A0E5D3100AEAB07 /* C_REAL.h */; };
		D14D83DF1A0E5D3100AEAB07 /* C_TEXT.cpp in Sources */ = {isa = PBXBuildFile; fileRef = D14D83CD1A0E5D3100AEAB07 /* C_TEXT.cpp */; };
		D14D83E01A0E5D3100AEAB07 /* C_TEXT.h in Headers */ = {isa = PBXBuildFile; fileRef = D14D83CE1A0E5D3100AEAB07 /* C_TEXT.h */; };
		D14D83E11A0E5D3100AEAB07 /* C_TIME.cpp in Sources */ = {isa = PBXBuildFile; fileRef = D14D83CF1A0E5D3100AEAB07 /* C_TIME.cpp */; };
		D14D83E21A0E5D3100AEAB07 /* C_TIME.h in Headers */ = {isa = PBXBuildFile; fileRef = D14D83D01A0E5D3100AEAB07 /* C_TIME.h */; };
		D14D83E51A0E5DCF00AEAB07 /* 4DPlugin.cpp in Sources */ = {isa = PBXBuildFile; fileRef = D14D83E31A0E5DCF00AEAB07 /* 4DPlugin.cpp */; };
		D14D83E61A0E5DCF00AEAB07 /* 4DPlugin.h in Headers */ = {isa = PBXBuildFile; fileRef = D14D83E41A0E5DCF00AEAB07 /* 4DPlugin.h */; };
		D14D83F41A0E5EBF00AEAB07 /* ARRAY_BOOLEAN.cpp in Sources */ = {isa = PBXBuildFile; fileRef = D14D83E81A0E5EBF00AEAB07 /* ARRAY_BOOLEAN.cpp */; };
		D14D83F51A0E5EBF00AEAB07 /* ARRAY_BOOLEAN.h in Headers */ = {isa = PBXBuildFile; fileRef = D14D83E91A0E5EBF00AEAB07 /* ARRAY_BOOLEAN.h */; };
		D14D83F61A0E5EBF00AEAB07 /* ARRAY_DATE.cpp in Sources */ = {isa = PBXBuildFile; fileRef = D14D83EA1A0E5EBF00AEAB07 /* ARRAY_DATE.cpp */; };
		D14D83F71A0E5EBF00AEAB07 /* ARRAY_DATE.h in Headers */ = {isa = PBXBuildFile; fileRef = D14D83EB1A0E5EBF00AEAB07 /* ARRAY_DATE.h */; };
		D14D83F81A0E5EBF00AEAB07 /* ARRAY_INTEGER.cpp in Sources */ = {isa = PBXBuildFile; fileRef = D14D83EC1A0E5EBF00AEAB07 /* ARRAY_INTEGER.cpp */; };
		D14D83F91A0E5EBF00AEAB07 /* ARRAY_INTEGER.h in Headers */ = {isa = PBXBuildFile; fileRef = D14D83ED1A0E5EBF00AEAB07 /* ARRAY_INTEGER.h */; };
		D14D83FA1A0E5EBF00AEAB07 /* ARRAY_LONGINT.cpp in Sources */ = {isa = PBXBuildFile; fileRef = D14D83EE1A0E5EBF00AEAB07 /* ARRAY_LONGINT.cpp */; };
		D14D83FB1A0E5EBF00AEAB07 /* ARRAY_LONGINT.h in Headers */ = {isa = PBXBuildFile; fileRef = D14D83EF1A0E5EBF00AEAB07 /* ARRAY_LONGINT.h */; };
		D14D83FC1A0E5EBF00AEAB07 /* ARRAY_REAL.cpp in Sources */ = {isa = PBXBuildFile; fileRef = D14D83F01A0E5EBF00AEAB07 /* ARRAY_REAL.cpp */; };
		D14D83FD1A0E5EBF00AEAB07 /* ARRAY_REAL.h in Headers */ = {isa = PBXBuildFile; fileRef = D14D83F11A0E5EBF00AEAB07 /* ARRAY_REAL.h */; };
		D14D83FE1A0E5EBF00AEAB07 /* ARRAY_TEXT.cpp in Sources */ = {isa = PBXBuildFile; fileRef = D14D83F21A0E5EBF00AEAB07 /* ARRAY_TEXT.cpp */; };
		D14D83FF1A0E5EBF00AEAB07 /* ARRAY_TEXT.h in Headers */ = {isa = PBXBuildFile; fileRef = D14D83F31A0E5EBF00AEAB07 /* ARRAY_TEXT.h */; };
/* End PBXBuildFile section */

/* Begin PBXFileReference section */
		08EA7FFBFE8413EDC02AAC07 /* Carbon.framework */ = {isa = PBXFileReference; lastKnownFileType = wrapper.framework; name = Carbon.framework; path = /System/Library/Frameworks/Carbon.framework; sourceTree = "<absolute>"; };
		189286350695AD8900B05D6E /* Common Crypto.bundle */ = {isa = PBXFileReference; explicitFileType = wrapper.cfbundle; includeInIndex = 0; path = "Common Crypto.bundle"; sourceTree = BUILT_PRODUCTS_DIR; };
		18B684EE06944F2000CC6A1E /* 4DPluginAPI.c */ = {isa = PBXFileReference; explicitFileType = sourcecode.cpp.objcpp; fileEncoding = 30; path = 4DPluginAPI.c; sourceTree = "<group>"; };
		18B684F006944F2000CC6A1E /* 4DPluginAPI.h */ = {isa = PBXFileReference; fileEncoding = 30; lastKnownFileType = sourcecode.c.h; path = 4DPluginAPI.h; sourceTree = "<group>"; };
		18B684F106944F2000CC6A1E /* EntryPoints.h */ = {isa = PBXFileReference; fileEncoding = 30; lastKnownFileType = sourcecode.c.h; path = EntryPoints.h; sourceTree = "<group>"; };
		18B684F206944F2000CC6A1E /* Flags.h */ = {isa = PBXFileReference; fileEncoding = 30; lastKnownFileType = sourcecode.c.h; path = Flags.h; sourceTree = "<group>"; };
		18B684F306944F2000CC6A1E /* PrivateTypes.h */ = {isa = PBXFileReference; fileEncoding = 30; lastKnownFileType = sourcecode.c.h; path = PrivateTypes.h; sourceTree = "<group>"; };
		18B684F406944F2000CC6A1E /* PublicTypes.h */ = {isa = PBXFileReference; fileEncoding = 30; lastKnownFileType = sourcecode.c.h; path = PublicTypes.h; sourceTree = "<group>"; };
		18B685220694531300CC6A1E /* 4DPlugin.rsrc */ = {isa = PBXFileReference; lastKnownFileType = archive.rsrc; path = 4DPlugin.rsrc; sourceTree = "<group>"; };
		D122856C20074894008C75E5 /* libcrypto.a */ = {isa = PBXFileReference; lastKnownFileType = archive.ar; path = libcrypto.a; sourceTree = "<group>"; };
		D130064E12F02D9700702C0E /* Cocoa.framework */ = {isa = PBXFileReference; lastKnownFileType = wrapper.framework; name = Cocoa.framework; path = /System/Library/Frameworks/Cocoa.framework; sourceTree = "<absolute>"; };
		D14D83B71A0E5C0F00AEAB07 /* English */ = {isa = PBXFileReference; lastKnownFileType = text.plist.strings; name = English; path = InfoPlist.strings; sourceTree = "<group>"; };
		D14D83BC1A0E5CC600AEAB07 /* 4D Plugin_Prefix.pch */ = {isa = PBXFileReference; fileEncoding = 4; lastKnownFileType = sourcecode.c.h; name = "4D Plugin_Prefix.pch"; path = "../4D Plugin_Prefix.pch"; sourceTree = "<group>"; };
		D14D83BF1A0E5D3100AEAB07 /* C_BLOB.cpp */ = {isa = PBXFileReference; explicitFileType = sourcecode.cpp.objcpp; fileEncoding = 4; name = C_BLOB.cpp; path = "../../4D Plugin API/Classes/C_BLOB.cpp"; sourceTree = "<group>"; };
		D14D83C01A0E5D3100AEAB07 /* C_BLOB.h */ = {isa = PBXFileReference; fileEncoding = 4; lastKnownFileType = sourcecode.c.h; name = C_BLOB.h; path = "../../4D Plugin API/Classes/C_BLOB.h"; sourceTree = "<group>"; };
		D14D83C11A0E5D3100AEAB07 /* C_DATE.cpp */ = {isa = PBXFileReference; explicitFileType = sourcecode.cpp.objcpp; fileEncoding = 4; name = C_DATE.cpp; path = "../../4D Plugin API/Classes/C_DATE.cpp"; sourceTree = "<group>"; };
		D14D83C21A0E5D3100AEAB07 /* C_DATE.h */ = {isa = PBXFileReference; fileEncoding = 4; lastKnownFileType = sourcecode.c.h; name = C_DATE.h; path = "../../4D Plugin API/Classes/C_DATE.h"; sourceTree = "<group>"; };
		D14D83C31A0E5D3100AEAB07 /* C_INTEGER.cpp */ = {isa = PBXFileReference; explicitFileType = sourcecode.cpp.objcpp; fileEncoding = 4; name = C_INTEGER.cpp; path = "../../4D Plugin API/Classes/C_INTEGER.cpp"; sourceTree = "<group>"; };
		D14D83C41A0E5D3100AEAB07 /* C_INTEGER.h */ = {isa = PBXFileReference; fileEncoding = 4; lastKnownFileType = sourcecode.c.h; name = C_INTEGER.h; path = "../../4D Plugin API/Classes/C_INTEGER.h"; sourceTree = "<group>"; };
		D14D83C51A0E5D3100AEAB07 /* C_LONGINT.cpp */ = {isa = PBXFileReference; explicitFileType = sourcecode.cpp.objcpp; fileEncoding = 4; name = C_LONGINT.cpp; path = "../../4D Plugin API/Classes/C_LONGINT.cpp"; sourceTree = "<group>"; };
		D14D83C61A0E5D3100AEAB07 /* C_LONGINT.h */ = {isa = PBXFileReference; fileEncoding = 4; lastKnownFileType = sourcecode.c.h; name = C_LONGINT.h; path = "../../4D Plugin API/Classes/C_LONGINT.h"; sourceTree = "<group>"; };
		D14D83C71A0E5D3100AEAB07 /* C_PICTURE.cpp */ = {isa = PBXFileReference; explicitFileType = sourcecode.cpp.objcpp; fileEncoding = 4; name = C_PICTURE.cpp; path = "../../4D Plugin API/Classes/C_PICTURE.cpp"; sourceTree = "<group>"; };
		D14D83C81A0E5D3100AEAB07 /* C_PICTURE.h */ = {isa = PBXFileReference; fileEncoding = 4; lastKnownFileType = sourcecode.c.h; name = C_PICTURE.h; path = "../../4D Plugin API/Classes/C_PICTURE.h"; sourceTree = "<group>"; };
		D14D83C91A0E5D3100AEAB07 /* C_POINTER.cpp */ = {isa = PBXFileReference; explicitFileType = sourcecode.cpp.objcpp; fileEncoding = 4; name = C_POINTER.cpp; path = "../../4D Plugin API/Classes/C_POINTER.cpp"; sourceTree = "<group>"; };
		D14D83CA1A0E5D3100AEAB07 /* C_POINTER.h */ = {isa = PBXFileReference; fileEncoding = 4; lastKnownFileType = sourcecode.c.h; name = C_POINTER.h; path = "../../4D Plugin API/Classes/C_POINTER.h"; sourceTree = "<group>"; };
		D14D83CB1A0E5D3100AEAB07 /* C_REAL.cpp */ = {isa = PBXFileReference; explicitFileType = sourcecode.cpp.objcpp; fileEncoding = 4; name = C_REAL.cpp; path = "../../4D Plugin API/Classes/C_REAL.cpp"; sourceTree = "<group>"; };
		D14D83CC1A0E5D3100AEAB07 /* C_REAL.h */ = {isa = PBXFileReference; fileEncoding = 4; lastKnownFileType = sourcecode.c.h; name = C_REAL.h; path = "../../4D Plugin API/Classes/C_REAL.h"; sourceTree = "<group>"; };
		D14D83CD1A0E5D3100AEAB07 /* C_TEXT.cpp */ = {isa = PBXFileReference; explicitFileType = sourcecode.cpp.objcpp; fileEncoding = 4; name = C_TEXT.cpp; path = "../../4D Plugin API/Classes/C_TEXT.cpp"; sourceTree = "<group>"; };
		D14D83CE1A0E5D3100AEAB07 /* C_TEXT.h */ = {isa = PBXFileReference; fileEncoding = 4; lastKnownFileType = sourcecode.c.h; name = C_TEXT.h; path = "../../4D Plugin API/Classes/C_TEXT.h"; sourceTree = "<group>"; };
		D14D83CF1A0E5D3100AEAB07 /* C_TIME.cpp */ = {isa = PBXFileReference; explicitFileType = sourcecode.cpp.objcpp; fileEncoding = 4; name = C_TIME.cpp; path = "../../4D Plugin API/Classes/C_TIME.cpp"; sourceTree = "<group>"; };
		D14D83D01A0E5D3100AEAB07 /* C_TIME.h */ = {isa = PBXFileReference; fileEncoding = 4; lastKnownFileType = sourcecode.c.h; name = C_TIME.h; path = "../../4D Plugin API/Classes/C_TIME.h"; sourceTree = "<group>"; };
		D14D83E31A0E5DCF00AEAB07 /* 4DPlugin.cpp */ = {isa = PBXFileReference; explicitFileType = sourcecode.cpp.objcpp; fileEncoding = 4; name = 4DPlugin.cpp; path = ../4DPlugin.cpp; sourceTree = "<group>"; };
		D14D83E41A0E5DCF00AEAB07 /* 4DPlugin.h */ = {isa = PBXFileReference; fileEncoding = 4; lastKnownFileType = sourcecode.c.h; name = 4DPlugin.h; path = ../4DPlugin.h; sourceTree = "<group>"; };
		D14D83E81A0E5EBF00AEAB07 /* ARRAY_BOOLEAN.cpp */ = {isa = PBXFileReference; explicitFileType = sourcecode.cpp.objcpp; fileEncoding = 4; name = ARRAY_BOOLEAN.cpp; path = "../../4D Plugin API/Classes/ARRAY_BOOLEAN.cpp"; sourceTree = "<group>"; };
		D14D83E91A0E5EBF00AEAB07 /* ARRAY_BOOLEAN.h */ = {isa = PBXFileReference; fileEncoding = 4; lastKnownFileType = sourcecode.c.h; name = ARRAY_BOOLEAN.h; path = "../../4D Plugin API/Classes/ARRAY_BOOLEAN.h"; sourceTree = "<group>"; };
		D14D83EA1A0E5EBF00AEAB07 /* ARRAY_DATE.cpp */ = {isa = PBXFileReference; explicitFileType = sourcecode.cpp.objcpp; fileEncoding = 4; name = ARRAY_DATE.cpp; path = "../../4D Plugin API/Classes/ARRAY_DATE.cpp"; sourceTree = "<group>"; };
		D14D83EB1A0E5EBF00AEAB07 /* ARRAY_DATE.h */ = {isa = PBXFileReference; fileEncoding = 4; lastKnownFileType = sourcecode.c.h; name = ARRAY_DATE.h; path = "../../4D Plugin API/Classes/ARRAY_DATE.h"; sourceTree = "<group>"; };
		D14D83EC1A0E5EBF00AEAB07 /* ARRAY_INTEGER.cpp */ = {isa = PBXFileReference; explicitFileType = sourcecode.cpp.objcpp; fileEncoding = 4; name = ARRAY_INTEGER.cpp; path = "../../4D Plugin API/Classes/ARRAY_INTEGER.cpp"; sourceTree = "<group>"; };
		D14D83ED1A0E5EBF00AEAB07 /* ARRAY_INTEGER.h */ = {isa = PBXFileReference; fileEncoding = 4; lastKnownFileType = sourcecode.c.h; name = ARRAY_INTEGER.h; path = "../../4D Plugin API/Classes/ARRAY_INTEGER.h"; sourceTree = "<group>"; };
		D14D83EE1A0E5EBF00AEAB07 /* ARRAY_LONGINT.cpp */ = {isa = PBXFileReference; explicitFileType = sourcecode.cpp.objcpp; fileEncoding = 4; name = ARRAY_LONGINT.cpp; path = "../../4D Plugin API/Classes/ARRAY_LONGINT.cpp"; sourceTree = "<group>"; };
		D14D83EF1A0E5EBF00AEAB07 /* ARRAY_LONGINT.h */ = {isa = PBXFileReference; fileEncoding = 4; lastKnownFileType = sourcecode.c.h; name = ARRAY_LONGINT.h; path = "../../4D Plugin API/Classes/ARRAY_LONGINT.h"; sourceTree = "<group>"; };
		D14D83F01A0E5EBF00AEAB07 /* ARRAY_REAL.cpp */ = {isa = PBXFileReference; explicitFileType = sourcecode.cpp.objcpp; fileEncoding = 4; name = ARRAY_REAL.cpp; path = "../../4D Plugin API/Classes/ARRAY_REAL.cpp"; sourceTree = "<group>"; };
		D14D83F11A0E5EBF00AEAB07 /* ARRAY_REAL.h */ = {isa = PBXFileReference; fileEncoding = 4; lastKnownFileType = sourcecode.c.h; name = ARRAY_REAL.h; path = "../../4D Plugin API/Classes/ARRAY_REAL.h"; sourceTree = "<group>"; };
		D14D83F21A0E5EBF00AEAB07 /* ARRAY_TEXT.cpp */ = {isa = PBXFileReference; explicitFileType = sourcecode.cpp.objcpp; fileEncoding = 4; name = ARRAY_TEXT.cpp; path = "../../4D Plugin API/Classes/ARRAY_TEXT.cpp"; sourceTree = "<group>"; };
		D14D83F31A0E5EBF00AEAB07 /* ARRAY_TEXT.h */ = {isa = PBXFileReference; fileEncoding = 4; lastKnownFileType = sourcecode.c.h; name = ARRAY_TEXT.h; path = "../../4D Plugin API/Classes/ARRAY_TEXT.h"; sourceTree = "<group>"; };
		D176169B1B4FD0BC000FEC42 /* Info.plist */ = {isa = PBXFileReference; fileEncoding = 4; lastKnownFileType = text.plist.xml; name = Info.plist; path = ../Info.plist; sourceTree = "<group>"; };
/* End PBXFileReference section */

/* Begin PBXFrameworksBuildPhase section */
		8D01CCCD0486CAD60068D4B7 /* Frameworks */ = {
			isa = PBXFrameworksBuildPhase;
			buildActionMask = 2147483647;
			files = (
				8D01CCCE0486CAD60068D4B7 /* Carbon.framework in Frameworks */,
				D130064F12F02D9700702C0E /* Cocoa.framework in Frameworks */,
				D122856D20074894008C75E5 /* libcrypto.a in Frameworks */,
			);
			runOnlyForDeploymentPostprocessing = 0;
		};
/* End PBXFrameworksBuildPhase section */

/* Begin PBXGroup section */
		089C166AFE841209C02AAC07 /* Common Crypto */ = {
			isa = PBXGroup;
			children = (
				D122856B20074894008C75E5 /* a */,
				08FB77ADFE841716C02AAC07 /* Source */,
				089C167CFE841241C02AAC07 /* Resources */,
				089C1671FE841209C02AAC07 /* External Frameworks and Libraries */,
				189286360695AD8900B05D6E /* Products */,
			);
			name = "Common Crypto";
			sourceTree = "<group>";
		};
		089C1671FE841209C02AAC07 /* External Frameworks and Libraries */ = {
			isa = PBXGroup;
			children = (
				08EA7FFBFE8413EDC02AAC07 /* Carbon.framework */,
				D130064E12F02D9700702C0E /* Cocoa.framework */,
			);
			name = "External Frameworks and Libraries";
			sourceTree = "<group>";
		};
		089C167CFE841241C02AAC07 /* Resources */ = {
			isa = PBXGroup;
			children = (
				D176169B1B4FD0BC000FEC42 /* Info.plist */,
				D14D83B61A0E5C0F00AEAB07 /* InfoPlist.strings */,
				18B685220694531300CC6A1E /* 4DPlugin.rsrc */,
			);
			name = Resources;
			sourceTree = "<group>";
		};
		08FB77ADFE841716C02AAC07 /* Source */ = {
			isa = PBXGroup;
			children = (
				D14D83E31A0E5DCF00AEAB07 /* 4DPlugin.cpp */,
				D14D83E41A0E5DCF00AEAB07 /* 4DPlugin.h */,
				18B684ED06944F2000CC6A1E /* 4D Plugin API */,
				D14D83BC1A0E5CC600AEAB07 /* 4D Plugin_Prefix.pch */,
			);
			name = Source;
			sourceTree = "<group>";
		};
		189286360695AD8900B05D6E /* Products */ = {
			isa = PBXGroup;
			children = (
				189286350695AD8900B05D6E /* Common Crypto.bundle */,
			);
			name = Products;
			sourceTree = "<group>";
		};
		18B684ED06944F2000CC6A1E /* 4D Plugin API */ = {
			isa = PBXGroup;
			children = (
				D19CC171135378140004336E /* Classes */,
				18B684EE06944F2000CC6A1E /* 4DPluginAPI.c */,
				18B684F006944F2000CC6A1E /* 4DPluginAPI.h */,
				18B684F106944F2000CC6A1E /* EntryPoints.h */,
				18B684F206944F2000CC6A1E /* Flags.h */,
				18B684F306944F2000CC6A1E /* PrivateTypes.h */,
				18B684F406944F2000CC6A1E /* PublicTypes.h */,
			);
			path = "4D Plugin API";
			sourceTree = "<group>";
		};
		D122856B20074894008C75E5 /* a */ = {
			isa = PBXGroup;
			children = (
				D122856C20074894008C75E5 /* libcrypto.a */,
			);
			path = a;
			sourceTree = "<group>";
		};
		D14D83BE1A0E5D1F00AEAB07 /* C */ = {
			isa = PBXGroup;
			children = (
				D14D83BF1A0E5D3100AEAB07 /* C_BLOB.cpp */,
				D14D83C01A0E5D3100AEAB07 /* C_BLOB.h */,
				D14D83C11A0E5D3100AEAB07 /* C_DATE.cpp */,
				D14D83C21A0E5D3100AEAB07 /* C_DATE.h */,
				D14D83C31A0E5D3100AEAB07 /* C_INTEGER.cpp */,
				D14D83C41A0E5D3100AEAB07 /* C_INTEGER.h */,
				D14D83C51A0E5D3100AEAB07 /* C_LONGINT.cpp */,
				D14D83C61A0E5D3100AEAB07 /* C_LONGINT.h */,
				D14D83C71A0E5D3100AEAB07 /* C_PICTURE.cpp */,
				D14D83C81A0E5D3100AEAB07 /* C_PICTURE.h */,
				D14D83C91A0E5D3100AEAB07 /* C_POINTER.cpp */,
				D14D83CA1A0E5D3100AEAB07 /* C_POINTER.h */,
				D14D83CB1A0E5D3100AEAB07 /* C_REAL.cpp */,
				D14D83CC1A0E5D3100AEAB07 /* C_REAL.h */,
				D14D83CD1A0E5D3100AEAB07 /* C_TEXT.cpp */,
				D14D83CE1A0E5D3100AEAB07 /* C_TEXT.h */,
				D14D83CF1A0E5D3100AEAB07 /* C_TIME.cpp */,
				D14D83D01A0E5D3100AEAB07 /* C_TIME.h */,
			);
			name = C;
			sourceTree = "<group>";
		};
		D14D83E71A0E5EAE00AEAB07 /* ARRAY */ = {
			isa = PBXGroup;
			children = (
				D14D83E81A0E5EBF00AEAB07 /* ARRAY_BOOLEAN.cpp */,
				D14D83E91A0E5EBF00AEAB07 /* ARRAY_BOOLEAN.h */,
				D14D83EA1A0E5EBF00AEAB07 /* ARRAY_DATE.cpp */,
				D14D83EB1A0E5EBF00AEAB07 /* ARRAY_DATE.h */,
				D14D83EC1A0E5EBF00AEAB07 /* ARRAY_INTEGER.cpp */,
				D14D83ED1A0E5EBF00AEAB07 /* ARRAY_INTEGER.h */,
				D14D83EE1A0E5EBF00AEAB07 /* ARRAY_LONGINT.cpp */,
				D14D83EF1A0E5EBF00AEAB07 /* ARRAY_LONGINT.h */,
				D14D83F01A0E5EBF00AEAB07 /* ARRAY_REAL.cpp */,
				D14D83F11A0E5EBF00AEAB07 /* ARRAY_REAL.h */,
				D14D83F21A0E5EBF00AEAB07 /* ARRAY_TEXT.cpp */,
				D14D83F31A0E5EBF00AEAB07 /* ARRAY_TEXT.h */,
			);
			name = ARRAY;
			sourceTree = "<group>";
		};
		D19CC171135378140004336E /* Classes */ = {
			isa = PBXGroup;
			children = (
				D14D83E71A0E5EAE00AEAB07 /* ARRAY */,
				D14D83BE1A0E5D1F00AEAB07 /* C */,
			);
			name = Classes;
			sourceTree = "<group>";
		};
/* End PBXGroup section */

/* Begin PBXHeadersBuildPhase section */
		8D01CCC70486CAD60068D4B7 /* Headers */ = {
			isa = PBXHeadersBuildPhase;
			buildActionMask = 2147483647;
			files = (
				D14D83E21A0E5D3100AEAB07 /* C_TIME.h in Headers */,
				D14D83FF1A0E5EBF00AEAB07 /* ARRAY_TEXT.h in Headers */,
				D14D83D81A0E5D3100AEAB07 /* C_LONGINT.h in Headers */,
				D14D83F71A0E5EBF00AEAB07 /* ARRAY_DATE.h in Headers */,
				18B684F706944F2000CC6A1E /* 4DPluginAPI.h in Headers */,
				D14D83D21A0E5D3100AEAB07 /* C_BLOB.h in Headers */,
				D14D83DA1A0E5D3100AEAB07 /* C_PICTURE.h in Headers */,
				D14D83DE1A0E5D3100AEAB07 /* C_REAL.h in Headers */,
				D14D83DC1A0E5D3100AEAB07 /* C_POINTER.h in Headers */,
				D14D83E61A0E5DCF00AEAB07 /* 4DPlugin.h in Headers */,
				D14D83BD1A0E5CC600AEAB07 /* 4D Plugin_Prefix.pch in Headers */,
				18B684F806944F2000CC6A1E /* EntryPoints.h in Headers */,
				D14D83F51A0E5EBF00AEAB07 /* ARRAY_BOOLEAN.h in Headers */,
				D14D83FD1A0E5EBF00AEAB07 /* ARRAY_REAL.h in Headers */,
				D14D83D61A0E5D3100AEAB07 /* C_INTEGER.h in Headers */,
				18B684F906944F2000CC6A1E /* Flags.h in Headers */,
				D14D83FB1A0E5EBF00AEAB07 /* ARRAY_LONGINT.h in Headers */,
				18B684FA06944F2000CC6A1E /* PrivateTypes.h in Headers */,
				D14D83E01A0E5D3100AEAB07 /* C_TEXT.h in Headers */,
				D14D83D41A0E5D3100AEAB07 /* C_DATE.h in Headers */,
				D14D83F91A0E5EBF00AEAB07 /* ARRAY_INTEGER.h in Headers */,
				18B684FB06944F2000CC6A1E /* PublicTypes.h in Headers */,
			);
			runOnlyForDeploymentPostprocessing = 0;
		};
/* End PBXHeadersBuildPhase section */

/* Begin PBXNativeTarget section */
		8D01CCC60486CAD60068D4B7 /* Common Crypto */ = {
			isa = PBXNativeTarget;
			buildConfigurationList = 42D60B3F0A9DDBC8002ABB42 /* Build configuration list for PBXNativeTarget "Common Crypto" */;
			buildPhases = (
				8D01CCC70486CAD60068D4B7 /* Headers */,
				8D01CCC90486CAD60068D4B7 /* Resources */,
				8D01CCCB0486CAD60068D4B7 /* Sources */,
				8D01CCCD0486CAD60068D4B7 /* Frameworks */,
				8D01CCCF0486CAD60068D4B7 /* Rez */,
			);
			buildRules = (
			);
			dependencies = (
			);
			name = "Common Crypto";
			productInstallPath = "$(HOME)/Library/Bundles";
			productName = "Common Crypto";
			productReference = 189286350695AD8900B05D6E /* Common Crypto.bundle */;
			productType = "com.apple.product-type.bundle";
		};
/* End PBXNativeTarget section */

/* Begin PBXProject section */
		089C1669FE841209C02AAC07 /* Project object */ = {
			isa = PBXProject;
			attributes = {
				LastUpgradeCheck = 0820;
				TargetAttributes = {
					8D01CCC60486CAD60068D4B7 = {
						DevelopmentTeam = Y69CWUC25B;
						ProvisioningStyle = Automatic;
					};
				};
			};
			buildConfigurationList = 42D60B430A9DDBC8002ABB42 /* Build configuration list for PBXProject "Common Crypto" */;
			compatibilityVersion = "Xcode 3.2";
			developmentRegion = English;
			hasScannedForEncodings = 1;
			knownRegions = (
				English,
				Japanese,
				French,
				German,
			);
			mainGroup = 089C166AFE841209C02AAC07 /* Common Crypto */;
			productRefGroup = 189286360695AD8900B05D6E /* Products */;
			projectDirPath = "";
			projectRoot = "";
			targets = (
				8D01CCC60486CAD60068D4B7 /* Common Crypto */,
			);
		};
/* End PBXProject section */

/* Begin PBXResourcesBuildPhase section */
		8D01CCC90486CAD60068D4B7 /* Resources */ = {
			isa = PBXResourcesBuildPhase;
			buildActionMask = 2147483647;
			files = (
				D14D83BA1A0E5C0F00AEAB07 /* InfoPlist.strings in Resources */,
			);
			runOnlyForDeploymentPostprocessing = 0;
		};
/* End PBXResourcesBuildPhase section */

/* Begin PBXRezBuildPhase section */
		8D01CCCF0486CAD60068D4B7 /* Rez */ = {
			isa = PBXRezBuildPhase;
			buildActionMask = 2147483647;
			files = (
				18B685230694531300CC6A1E /* 4DPlugin.rsrc in Rez */,
			);
			runOnlyForDeploymentPostprocessing = 0;
		};
/* End PBXRezBuildPhase section */

/* Begin PBXSourcesBuildPhase section */
		8D01CCCB0486CAD60068D4B7 /* Sources */ = {
			isa = PBXSourcesBuildPhase;
			buildActionMask = 2147483647;
			files = (
				D14D83F61A0E5EBF00AEAB07 /* ARRAY_DATE.cpp in Sources */,
				D14D83FC1A0E5EBF00AEAB07 /* ARRAY_REAL.cpp in Sources */,
				D14D83F41A0E5EBF00AEAB07 /* ARRAY_BOOLEAN.cpp in Sources */,
				D14D83D11A0E5D3100AEAB07 /* C_BLOB.cpp in Sources */,
				D14D83DD1A0E5D3100AEAB07 /* C_REAL.cpp in Sources */,
				D14D83FA1A0E5EBF00AEAB07 /* ARRAY_LONGINT.cpp in Sources */,
				D14D83F81A0E5EBF00AEAB07 /* ARRAY_INTEGER.cpp in Sources */,
				D14D83D31A0E5D3100AEAB07 /* C_DATE.cpp in Sources */,
				D14D83D91A0E5D3100AEAB07 /* C_PICTURE.cpp in Sources */,
				D14D83FE1A0E5EBF00AEAB07 /* ARRAY_TEXT.cpp in Sources */,
				D14D83E51A0E5DCF00AEAB07 /* 4DPlugin.cpp in Sources */,
				D14D83DF1A0E5D3100AEAB07 /* C_TEXT.cpp in Sources */,
				D14D83D51A0E5D3100AEAB07 /* C_INTEGER.cpp in Sources */,
				D14D83E11A0E5D3100AEAB07 /* C_TIME.cpp in Sources */,
				D14D83DB1A0E5D3100AEAB07 /* C_POINTER.cpp in Sources */,
				18B684F506944F2000CC6A1E /* 4DPluginAPI.c in Sources */,
				D14D83D71A0E5D3100AEAB07 /* C_LONGINT.cpp in Sources */,
			);
			runOnlyForDeploymentPostprocessing = 0;
		};
/* End PBXSourcesBuildPhase section */

/* Begin PBXVariantGroup section */
		D14D83B61A0E5C0F00AEAB07 /* InfoPlist.strings */ = {
			isa = PBXVariantGroup;
			children = (
				D14D83B71A0E5C0F00AEAB07 /* English */,
			);
			name = InfoPlist.strings;
			path = ../English.lproj;
			sourceTree = "<group>";
		};
/* End PBXVariantGroup section */

/* Begin XCBuildConfiguration section */
		42D60B400A9DDBC8002ABB42 /* Development */ = {
			isa = XCBuildConfiguration;
			buildSettings = {
				CODE_SIGN_IDENTITY = "Mac Developer";
				COMBINE_HIDPI_IMAGES = YES;
				COPY_PHASE_STRIP = NO;
				DEBUGGING_SYMBOLS = YES;
				DEPLOYMENT_LOCATION = NO;
				DEVELOPMENT_TEAM = Y69CWUC25B;
				FRAMEWORK_SEARCH_PATHS = "";
				GCC_DYNAMIC_NO_PIC = NO;
				GCC_ENABLE_FIX_AND_CONTINUE = YES;
				GCC_ENABLE_TRIGRAPHS = NO;
				GCC_GENERATE_DEBUGGING_SYMBOLS = YES;
				GCC_OPTIMIZATION_LEVEL = 0;
				GCC_PRECOMPILE_PREFIX_HEADER = YES;
				GCC_PREFIX_HEADER = "../4D Plugin_Prefix.pch";
				GCC_VERSION = "";
				GCC_WARN_ABOUT_MISSING_PROTOTYPES = NO;
				GCC_WARN_FOUR_CHARACTER_CONSTANTS = NO;
				GCC_WARN_UNKNOWN_PRAGMAS = NO;
				HEADER_SEARCH_PATHS = "";
				INFOPLIST_FILE = ../Info.plist;
				INSTALL_PATH = "$(HOME)/Library/Bundles";
				LIBRARY_SEARCH_PATHS = (
					"$(PROJECT_DIR)/lib",
					"$(PROJECT_DIR)/a",
				);
				LIBRARY_STYLE = Bundle;
				OTHER_CFLAGS = "";
				OTHER_LDFLAGS = "";
				OTHER_REZFLAGS = "";
				PRODUCT_NAME = "Common Crypto";
				SECTORDER_FLAGS = "";
				USER_HEADER_SEARCH_PATHS = "$(SRCROOT)/../include";
				WARNING_CFLAGS = (
					"-Wmost",
					"-Wno-four-char-constants",
					"-Wno-unknown-pragmas",
				);
				WRAPPER_EXTENSION = bundle;
				ZERO_LINK = YES;
			};
			name = Development;
		};
		42D60B410A9DDBC8002ABB42 /* Deployment */ = {
			isa = XCBuildConfiguration;
			buildSettings = {
				CODE_SIGN_IDENTITY = "Mac Developer";
				COMBINE_HIDPI_IMAGES = YES;
				COPY_PHASE_STRIP = YES;
				DEPLOYMENT_LOCATION = NO;
				DEVELOPMENT_TEAM = Y69CWUC25B;
				FRAMEWORK_SEARCH_PATHS = "";
				GCC_ENABLE_FIX_AND_CONTINUE = NO;
				GCC_ENABLE_TRIGRAPHS = NO;
				GCC_GENERATE_DEBUGGING_SYMBOLS = NO;
				GCC_PRECOMPILE_PREFIX_HEADER = YES;
				GCC_PREFIX_HEADER = "../4D Plugin_Prefix.pch";
				GCC_VERSION = "";
				GCC_WARN_ABOUT_MISSING_PROTOTYPES = NO;
				GCC_WARN_FOUR_CHARACTER_CONSTANTS = NO;
				GCC_WARN_UNKNOWN_PRAGMAS = NO;
				HEADER_SEARCH_PATHS = "";
				INFOPLIST_FILE = ../Info.plist;
				INSTALL_PATH = "$(HOME)/Library/Bundles";
				LIBRARY_SEARCH_PATHS = (
					"$(PROJECT_DIR)/lib",
					"$(PROJECT_DIR)/a",
				);
				LIBRARY_STYLE = Bundle;
				OTHER_CFLAGS = "";
				OTHER_LDFLAGS = "";
				OTHER_REZFLAGS = "";
				PRODUCT_NAME = "Common Crypto";
				SECTORDER_FLAGS = "";
				USER_HEADER_SEARCH_PATHS = "$(SRCROOT)/../include";
				WARNING_CFLAGS = (
					"-Wmost",
					"-Wno-four-char-constants",
					"-Wno-unknown-pragmas",
				);
				WRAPPER_EXTENSION = bundle;
				ZERO_LINK = NO;
			};
			name = Deployment;
		};
		42D60B420A9DDBC8002ABB42 /* Default */ = {
			isa = XCBuildConfiguration;
			buildSettings = {
				CODE_SIGN_IDENTITY = "Mac Developer";
				COMBINE_HIDPI_IMAGES = YES;
				DEPLOYMENT_LOCATION = NO;
				DEVELOPMENT_TEAM = Y69CWUC25B;
				FRAMEWORK_SEARCH_PATHS = "";
				GCC_ENABLE_TRIGRAPHS = NO;
				GCC_GENERATE_DEBUGGING_SYMBOLS = NO;
				GCC_PRECOMPILE_PREFIX_HEADER = YES;
				GCC_PREFIX_HEADER = "../4D Plugin_Prefix.pch";
				GCC_VERSION = "";
				GCC_WARN_ABOUT_MISSING_PROTOTYPES = NO;
				GCC_WARN_FOUR_CHARACTER_CONSTANTS = NO;
				GCC_WARN_UNKNOWN_PRAGMAS = NO;
				HEADER_SEARCH_PATHS = "";
				INFOPLIST_FILE = ../Info.plist;
				INSTALL_PATH = "$(HOME)/Library/Bundles";
				LIBRARY_SEARCH_PATHS = (
					"$(PROJECT_DIR)/lib",
					"$(PROJECT_DIR)/a",
				);
				LIBRARY_STYLE = Bundle;
				OTHER_CFLAGS = "";
				OTHER_LDFLAGS = "";
				OTHER_REZFLAGS = "";
				PRODUCT_NAME = "Common Crypto";
				SECTORDER_FLAGS = "";
				USER_HEADER_SEARCH_PATHS = "$(SRCROOT)/../include";
				WARNING_CFLAGS = (
					"-Wmost",
					"-Wno-four-char-constants",
					"-Wno-unknown-pragmas",
				);
				WRAPPER_EXTENSION = bundle;
			};
			name = Default;
		};
		42D60B440A9DDBC8002ABB42 /* Development */ = {
			isa = XCBuildConfiguration;
			buildSettings = {
				ARCHS = "$(ARCHS_STANDARD_32_BIT)";
				CONFIGURATION_BUILD_DIR = "$(BUILD_DIR)";
				GCC_INLINES_ARE_PRIVATE_EXTERN = YES;
				GCC_SYMBOLS_PRIVATE_EXTERN = YES;
				GCC_VERSION = 4.0;
				MACOSX_DEPLOYMENT_TARGET = 10.6;
				OBJROOT = "$(SRCROOT)/build";
				SDKROOT = macosx10.6;
				SYMROOT = "$(SRCROOT)/$(PRODUCT_NAME).4dbase/Plugins";
			};
			name = Development;
		};
		42D60B450A9DDBC8002ABB42 /* Deployment */ = {
			isa = XCBuildConfiguration;
			buildSettings = {
				ARCHS = "$(ARCHS_STANDARD_32_BIT)";
				CONFIGURATION_BUILD_DIR = "$(BUILD_DIR)";
				GCC_INLINES_ARE_PRIVATE_EXTERN = YES;
				GCC_SYMBOLS_PRIVATE_EXTERN = YES;
				GCC_VERSION = 4.0;
				MACOSX_DEPLOYMENT_TARGET = 10.6;
				OBJROOT = "$(SRCROOT)/build";
				SDKROOT = macosx10.6;
				SYMROOT = "$(SRCROOT)/$(PRODUCT_NAME).4dbase/Plugins";
			};
			name = Deployment;
		};
		42D60B460A9DDBC8002ABB42 /* Default */ = {
			isa = XCBuildConfiguration;
			buildSettings = {
				ARCHS = "$(ARCHS_STANDARD_32_BIT)";
				GCC_INLINES_ARE_PRIVATE_EXTERN = YES;
				GCC_SYMBOLS_PRIVATE_EXTERN = YES;
				GCC_VERSION = 4.0;
				MACOSX_DEPLOYMENT_TARGET = 10.6;
				SDKROOT = macosx10.6;
				SYMROOT = "$(SRCROOT)/$(PRODUCT_NAME).4dbase/Plugins";
			};
			name = Default;
		};
/* End XCBuildConfiguration section */

/* Begin XCConfigurationList section */
		42D60B3F0A9DDBC8002ABB42 /* Build configuration list for PBXNativeTarget "Common Crypto" */ = {
			isa = XCConfigurationList;
			buildConfigurations = (
				42D60B400A9DDBC8002ABB42 /* Development */,
				42D60B410A9DDBC8002ABB42 /* Deployment */,
				42D60B420A9DDBC8002ABB42 /* Default */,
			);
			defaultConfigurationIsVisible = 0;
			defaultConfigurationName = Default;
		};
		42D60B430A9DDBC8002ABB42 /* Build configuration list for PBXProject "Common Crypto" */ = {
			isa = XCConfigurationList;
			buildConfigurations = (
				42D60B440A9DDBC8002ABB42 /* Development */,
				42D60B450A9DDBC8002ABB42 /* Deployment */,
				42D60B460A9DDBC8002ABB42 /* Default */,
			);
			defaultConfigurationIsVisible = 0;
			defaultConfigurationName = Default;
		};
/* End XCConfigurationList section */
	};
	rootObject = 089C1669FE841209C02AAC07 /* Project object */;
}
