<?xml version="1.0" encoding="utf-8"?>
<Project ToolsVersion="4.0" xmlns="http://schemas.microsoft.com/developer/msbuild/2003">
  <ItemGroup>
    <ClCompile Include="..\4DPlugin.cpp">
      <Filter>Source</Filter>
    </ClCompile>
    <ClCompile Include="4D Plugin API\4DPluginAPI.c">
      <Filter>Source\4D Plugin API</Filter>
    </ClCompile>
    <ClCompile Include="..\4D Plugin API\Classes\ARRAY_DATE.cpp">
      <Filter>Source\4D Plugin API\Classes\ARRAY</Filter>
    </ClCompile>
    <ClCompile Include="..\4D Plugin API\Classes\ARRAY_INTEGER.cpp">
      <Filter>Source\4D Plugin API\Classes\ARRAY</Filter>
    </ClCompile>
    <ClCompile Include="..\4D Plugin API\Classes\ARRAY_LONGINT.cpp">
      <Filter>Source\4D Plugin API\Classes\ARRAY</Filter>
    </ClCompile>
    <ClCompile Include="..\4D Plugin API\Classes\ARRAY_REAL.cpp">
      <Filter>Source\4D Plugin API\Classes\ARRAY</Filter>
    </ClCompile>
    <ClCompile Include="..\4D Plugin API\Classes\ARRAY_TEXT.cpp">
      <Filter>Source\4D Plugin API\Classes\ARRAY</Filter>
    </ClCompile>
    <ClCompile Include="..\4D Plugin API\Classes\ARRAY_BOOLEAN.cpp">
      <Filter>Source\4D Plugin API\Classes\ARRAY</Filter>
    </ClCompile>
    <ClCompile Include="..\4D Plugin API\Classes\C_TIME.cpp">
      <Filter>Source\4D Plugin API\Classes\C</Filter>
    </ClCompile>
    <ClCompile Include="..\4D Plugin API\Classes\C_BLOB.cpp">
      <Filter>Source\4D Plugin API\Classes\C</Filter>
    </ClCompile>
    <ClCompile Include="..\4D Plugin API\Classes\C_DATE.cpp">
      <Filter>Source\4D Plugin API\Classes\C</Filter>
    </ClCompile>
    <ClCompile Include="..\4D Plugin API\Classes\C_INTEGER.cpp">
      <Filter>Source\4D Plugin API\Classes\C</Filter>
    </ClCompile>
    <ClCompile Include="..\4D Plugin API\Classes\C_LONGINT.cpp">
      <Filter>Source\4D Plugin API\Classes\C</Filter>
    </ClCompile>
    <ClCompile Include="..\4D Plugin API\Classes\C_PICTURE.cpp">
      <Filter>Source\4D Plugin API\Classes\C</Filter>
    </ClCompile>
    <ClCompile Include="..\4D Plugin API\Classes\C_POINTER.cpp">
      <Filter>Source\4D Plugin API\Classes\C</Filter>
    </ClCompile>
    <ClCompile Include="..\4D Plugin API\Classes\C_REAL.cpp">
      <Filter>Source\4D Plugin API\Classes\C</Filter>
    </ClCompile>
    <ClCompile Include="..\4D Plugin API\Classes\C_TEXT.cpp">
      <Filter>Source\4D Plugin API\Classes\C</Filter>
    </ClCompile>
  </ItemGroup>
  <ItemGroup>
    <ClInclude Include="..\4DPlugin.h">
      <Filter>Source</Filter>
    </ClInclude>
    <ClInclude Include="4D Plugin API\4DPluginAPI.h">
      <Filter>Source\4D Plugin API</Filter>
    </ClInclude>
    <ClInclude Include="4D Plugin API\EntryPoints.h">
      <Filter>Source\4D Plugin API</Filter>
    </ClInclude>
    <ClInclude Include="4D Plugin API\Flags.h">
      <Filter>Source\4D Plugin API</Filter>
    </ClInclude>
    <ClInclude Include="4D Plugin API\PrivateTypes.h">
      <Filter>Source\4D Plugin API</Filter>
    </ClInclude>
    <ClInclude Include="4D Plugin API\PublicTypes.h">
      <Filter>Source\4D Plugin API</Filter>
    </ClInclude>
    <ClInclude Include="..\4D Plugin API\Classes\ARRAY_BOOLEAN.h">
      <Filter>Source\4D Plugin API\Classes\ARRAY</Filter>
    </ClInclude>
    <ClInclude Include="..\4D Plugin API\Classes\ARRAY_DATE.h">
      <Filter>Source\4D Plugin API\Classes\ARRAY</Filter>
    </ClInclude>
    <ClInclude Include="..\4D Plugin API\Classes\ARRAY_INTEGER.h">
      <Filter>Source\4D Plugin API\Classes\ARRAY</Filter>
    </ClInclude>
    <ClInclude Include="..\4D Plugin API\Classes\ARRAY_LONGINT.h">
      <Filter>Source\4D Plugin API\Classes\ARRAY</Filter>
    </ClInclude>
    <ClInclude Include="..\4D Plugin API\Classes\ARRAY_REAL.h">
      <Filter>Source\4D Plugin API\Classes\ARRAY</Filter>
    </ClInclude>
    <ClInclude Include="..\4D Plugin API\Classes\ARRAY_TEXT.h">
      <Filter>Source\4D Plugin API\Classes\ARRAY</Filter>
    </ClInclude>
    <ClInclude Include="..\4D Plugin API\Classes\C_TEXT.h">
      <Filter>Source\4D Plugin API\Classes\C</Filter>
    </ClInclude>
    <ClInclude Include="..\4D Plugin API\Classes\C_TIME.h">
      <Filter>Source\4D Plugin API\Classes\C</Filter>
    </ClInclude>
    <ClInclude Include="..\4D Plugin API\Classes\C_BLOB.h">
      <Filter>Source\4D Plugin API\Classes\C</Filter>
    </ClInclude>
    <ClInclude Include="..\4D Plugin API\Classes\C_DATE.h">
      <Filter>Source\4D Plugin API\Classes\C</Filter>
    </ClInclude>
    <ClInclude Include="..\4D Plugin API\Classes\C_INTEGER.h">
      <Filter>Source\4D Plugin API\Classes\C</Filter>
    </ClInclude>
    <ClInclude Include="..\4D Plugin API\Classes\C_LONGINT.h">
      <Filter>Source\4D Plugin API\Classes\C</Filter>
    </ClInclude>
    <ClInclude Include="..\4D Plugin API\Classes\C_PICTURE.h">
      <Filter>Source\4D Plugin API\Classes\C</Filter>
    </ClInclude>
    <ClInclude Include="..\4D Plugin API\Classes\C_POINTER.h">
      <Filter>Source\4D Plugin API\Classes\C</Filter>
    </ClInclude>
    <ClInclude Include="..\4D Plugin API\Classes\C_REAL.h">
      <Filter>Source\4D Plugin API\Classes\C</Filter>
    </ClInclude>
  </ItemGroup>
  <ItemGroup>
    <Filter Include="Source">
      <UniqueIdentifier>{ceb36db9-1d18-4582-827a-c769e68faedd}</UniqueIdentifier>
    </Filter>
    <Filter Include="Source\4D Plugin API">
      <UniqueIdentifier>{b721bdb8-b2cb-4856-8188-a19c6ef1a9d7}</UniqueIdentifier>
    </Filter>
    <Filter Include="Source\4D Plugin API\Classes">
      <UniqueIdentifier>{88f7b67f-dd94-48eb-b5b2-ec76ba80fb49}</UniqueIdentifier>
    </Filter>
    <Filter Include="Source\4D Plugin API\Classes\ARRAY">
      <UniqueIdentifier>{2f8672f5-61d2-43a1-89bb-bdaa844a439a}</UniqueIdentifier>
    </Filter>
    <Filter Include="Source\4D Plugin API\Classes\C">
      <UniqueIdentifier>{22fbfc65-26b9-4347-aa01-d6726a800498}</UniqueIdentifier>
    </Filter>
  </ItemGroup>
  <ItemGroup>
    <None Include="4D Plugin API\4DPluginAPI.def">
      <Filter>Source\4D Plugin API</Filter>
    </None>
  </ItemGroup>
</Project>