// !$*UTF8*$!
{
	archiveVersion = 1;
	classes = {
	};
	objectVersion = 46;
	objects = {

/* Begin PBXBuildFile section */
		18B684F706944F2000CC6A1E /* 4DPluginAPI.h in Headers */ = {isa = PBXBuildFile; fileRef = 18B684F006944F2000CC6A1E /* 4DPluginAPI.h */; };
		18B684F806944F2000CC6A1E /* EntryPoints.h in Headers */ = {isa = PBXBuildFile; fileRef = 18B684F106944F2000CC6A1E /* EntryPoints.h */; };
		18B684F906944F2000CC6A1E /* Flags.h in Headers */ = {isa = PBXBuildFile; fileRef = 18B684F206944F2000CC6A1E /* Flags.h */; };
		18B684FA06944F2000CC6A1E /* PrivateTypes.h in Headers */ = {isa = PBXBuildFile; fileRef = 18B684F306944F2000CC6A1E /* PrivateTypes.h */; };
		18B684FB06944F2000CC6A1E /* PublicTypes.h in Headers */ = {isa = PBXBuildFile; fileRef = 18B684F406944F2000CC6A1E /* PublicTypes.h */; };
		18B684FF06944F8800CC6A1E /* 4DPlugin.cpp in Sources */ = {isa = PBXBuildFile; fileRef = 18B684FE06944F8800CC6A1E /* 4DPlugin.cpp */; settings = {COMPILER_FLAGS = "-w"; }; };
		8D01CCC80486CAD60068D4B7 /* 4D Plugin_Prefix.pch in Headers */ = {isa = PBXBuildFile; fileRef = 32BAE0B30371A71500C91783 /* 4D Plugin_Prefix.pch */; };
		8D01CCCA0486CAD60068D4B7 /* InfoPlist.strings in Resources */ = {isa = PBXBuildFile; fileRef = 089C167DFE841241C02AAC07 /* InfoPlist.strings */; };
		D120937F13534DCC00A72CAA /* 4DPlugin.h in Headers */ = {isa = PBXBuildFile; fileRef = D120937E13534DCC00A72CAA /* 4DPlugin.h */; };
		D122856A2007472D008C75E5 /* libcrypto.a in Frameworks */ = {isa = PBXBuildFile; fileRef = D12285692007472D008C75E5 /* libcrypto.a */; };
		D130064F12F02D9700702C0E /* Cocoa.framework in Frameworks */ = {isa = PBXBuildFile; fileRef = D130064E12F02D9700702C0E /* Cocoa.framework */; };
		D13116A91A03ACB700DE1322 /* 4DPluginAPI.c in Sources */ = {isa = PBXBuildFile; fileRef = D13116A81A03ACB700DE1322 /* 4DPluginAPI.c */; settings = {COMPILER_FLAGS = "-w"; }; };
		D13116AC1A03B10800DE1322 /* C_LONGINT.cpp in Sources */ = {isa = PBXBuildFile; fileRef = D13116AA1A03B10800DE1322 /* C_LONGINT.cpp */; settings = {COMPILER_FLAGS = "-w"; }; };
		D13116AD1A03B10800DE1322 /* C_LONGINT.h in Headers */ = {isa = PBXBuildFile; fileRef = D13116AB1A03B10800DE1322 /* C_LONGINT.h */; };
		D13116B01A03B33D00DE1322 /* C_INTEGER.cpp in Sources */ = {isa = PBXBuildFile; fileRef = D13116AE1A03B33D00DE1322 /* C_INTEGER.cpp */; settings = {COMPILER_FLAGS = "-w"; }; };
		D13116B11A03B33D00DE1322 /* C_INTEGER.h in Headers */ = {isa = PBXBuildFile; fileRef = D13116AF1A03B33D00DE1322 /* C_INTEGER.h */; };
		D13116B81A03B3C300DE1322 /* C_DATE.cpp in Sources */ = {isa = PBXBuildFile; fileRef = D13116B21A03B3C300DE1322 /* C_DATE.cpp */; settings = {COMPILER_FLAGS = "-w"; }; };
		D13116B91A03B3C300DE1322 /* C_DATE.h in Headers */ = {isa = PBXBuildFile; fileRef = D13116B31A03B3C300DE1322 /* C_DATE.h */; };
		D13116BA1A03B3C300DE1322 /* C_REAL.cpp in Sources */ = {isa = PBXBuildFile; fileRef = D13116B41A03B3C300DE1322 /* C_REAL.cpp */; settings = {COMPILER_FLAGS = "-w"; }; };
		D13116BB1A03B3C300DE1322 /* C_REAL.h in Headers */ = {isa = PBXBuildFile; fileRef = D13116B51A03B3C300DE1322 /* C_REAL.h */; };
		D13116BC1A03B3C300DE1322 /* C_TIME.cpp in Sources */ = {isa = PBXBuildFile; fileRef = D13116B61A03B3C300DE1322 /* C_TIME.cpp */; settings = {COMPILER_FLAGS = "-w"; }; };
		D13116BD1A03B3C300DE1322 /* C_TIME.h in Headers */ = {isa = PBXBuildFile; fileRef = D13116B71A03B3C300DE1322 /* C_TIME.h */; };
		D13116C41A03B48900DE1322 /* C_TEXT.cpp in Sources */ = {isa = PBXBuildFile; fileRef = D13116C21A03B48900DE1322 /* C_TEXT.cpp */; settings = {COMPILER_FLAGS = "-w"; }; };
		D13116C51A03B48900DE1322 /* C_TEXT.h in Headers */ = {isa = PBXBuildFile; fileRef = D13116C31A03B48900DE1322 /* C_TEXT.h */; };
		D13116C71A03B5B600DE1322 /* AppKit.framework in Frameworks */ = {isa = PBXBuildFile; fileRef = D13116C61A03B5B600DE1322 /* AppKit.framework */; };
		D13116CA1A03B5CC00DE1322 /* C_POINTER.cpp in Sources */ = {isa = PBXBuildFile; fileRef = D13116C81A03B5CC00DE1322 /* C_POINTER.cpp */; settings = {COMPILER_FLAGS = "-w"; }; };
		D13116CB1A03B5CC00DE1322 /* C_POINTER.h in Headers */ = {isa = PBXBuildFile; fileRef = D13116C91A03B5CC00DE1322 /* C_POINTER.h */; };
		D13116CE1A03B62400DE1322 /* C_PICTURE.cpp in Sources */ = {isa = PBXBuildFile; fileRef = D13116CC1A03B62400DE1322 /* C_PICTURE.cpp */; settings = {COMPILER_FLAGS = "-w"; }; };
		D13116CF1A03B62400DE1322 /* C_PICTURE.h in Headers */ = {isa = PBXBuildFile; fileRef = D13116CD1A03B62400DE1322 /* C_PICTURE.h */; };
		D13116D81A03BBFC00DE1322 /* ARRAY_TEXT.cpp in Sources */ = {isa = PBXBuildFile; fileRef = D13116D61A03BBFC00DE1322 /* ARRAY_TEXT.cpp */; settings = {COMPILER_FLAGS = "-w"; }; };
		D13116D91A03BBFC00DE1322 /* ARRAY_TEXT.h in Headers */ = {isa = PBXBuildFile; fileRef = D13116D71A03BBFC00DE1322 /* ARRAY_TEXT.h */; };
		D13116E21A03BC1100DE1322 /* ARRAY_BOOLEAN.cpp in Sources */ = {isa = PBXBuildFile; fileRef = D13116DA1A03BC1100DE1322 /* ARRAY_BOOLEAN.cpp */; settings = {COMPILER_FLAGS = "-w"; }; };
		D13116E31A03BC1100DE1322 /* ARRAY_BOOLEAN.h in Headers */ = {isa = PBXBuildFile; fileRef = D13116DB1A03BC1100DE1322 /* ARRAY_BOOLEAN.h */; };
		D13116E41A03BC1100DE1322 /* ARRAY_INTEGER.cpp in Sources */ = {isa = PBXBuildFile; fileRef = D13116DC1A03BC1100DE1322 /* ARRAY_INTEGER.cpp */; settings = {COMPILER_FLAGS = "-w"; }; };
		D13116E51A03BC1100DE1322 /* ARRAY_INTEGER.h in Headers */ = {isa = PBXBuildFile; fileRef = D13116DD1A03BC1100DE1322 /* ARRAY_INTEGER.h */; };
		D13116E61A03BC1100DE1322 /* ARRAY_LONGINT.cpp in Sources */ = {isa = PBXBuildFile; fileRef = D13116DE1A03BC1100DE1322 /* ARRAY_LONGINT.cpp */; settings = {COMPILER_FLAGS = "-w"; }; };
		D13116E71A03BC1100DE1322 /* ARRAY_LONGINT.h in Headers */ = {isa = PBXBuildFile; fileRef = D13116DF1A03BC1100DE1322 /* ARRAY_LONGINT.h */; };
		D13116E81A03BC1100DE1322 /* ARRAY_REAL.cpp in Sources */ = {isa = PBXBuildFile; fileRef = D13116E01A03BC1100DE1322 /* ARRAY_REAL.cpp */; settings = {COMPILER_FLAGS = "-w"; }; };
		D13116E91A03BC1100DE1322 /* ARRAY_REAL.h in Headers */ = {isa = PBXBuildFile; fileRef = D13116E11A03BC1100DE1322 /* ARRAY_REAL.h */; };
		D13116EC1A03BE2300DE1322 /* ARRAY_TIME.cpp in Sources */ = {isa = PBXBuildFile; fileRef = D13116EA1A03BE2300DE1322 /* ARRAY_TIME.cpp */; settings = {COMPILER_FLAGS = "-w"; }; };
		D13116ED1A03BE2300DE1322 /* ARRAY_TIME.h in Headers */ = {isa = PBXBuildFile; fileRef = D13116EB1A03BE2300DE1322 /* ARRAY_TIME.h */; };
		D13116F01A03C2D400DE1322 /* C_BLOB.cpp in Sources */ = {isa = PBXBuildFile; fileRef = D13116EE1A03C2D400DE1322 /* C_BLOB.cpp */; settings = {COMPILER_FLAGS = "-w"; }; };
		D13116F11A03C2D400DE1322 /* C_BLOB.h in Headers */ = {isa = PBXBuildFile; fileRef = D13116EF1A03C2D400DE1322 /* C_BLOB.h */; };
		D13116F41A03C7AF00DE1322 /* ARRAY_DATE.cpp in Sources */ = {isa = PBXBuildFile; fileRef = D13116F21A03C7AF00DE1322 /* ARRAY_DATE.cpp */; settings = {COMPILER_FLAGS = "-w"; }; };
		D13116F51A03C7AF00DE1322 /* ARRAY_DATE.h in Headers */ = {isa = PBXBuildFile; fileRef = D13116F31A03C7AF00DE1322 /* ARRAY_DATE.h */; };
		D134D4AC1A030BA0008D14EF /* manifest.json in CopyFiles */ = {isa = PBXBuildFile; fileRef = D134D4A91A030B06008D14EF /* manifest.json */; };
		D175D9CD1A02E8DD0006B569 /* CoreGraphics.framework in Frameworks */ = {isa = PBXBuildFile; fileRef = D175D9CC1A02E8DD0006B569 /* CoreGraphics.framework */; };
/* End PBXBuildFile section */

/* Begin PBXCopyFilesBuildPhase section */
		D134D4AB1A030B7A008D14EF /* CopyFiles */ = {
			isa = PBXCopyFilesBuildPhase;
			buildActionMask = 2147483647;
			dstPath = ..;
			dstSubfolderSpec = 7;
			files = (
				D134D4AC1A030BA0008D14EF /* manifest.json in CopyFiles */,
			);
			runOnlyForDeploymentPostprocessing = 0;
		};
/* End PBXCopyFilesBuildPhase section */

/* Begin PBXFileReference section */
		089C167EFE841241C02AAC07 /* English */ = {isa = PBXFileReference; fileEncoding = 4; lastKnownFileType = text.plist.strings; name = English; path = English.lproj/InfoPlist.strings; sourceTree = "<group>"; };
		189286350695AD8900B05D6E /* Common Crypto.bundle */ = {isa = PBXFileReference; explicitFileType = wrapper.cfbundle; includeInIndex = 0; path = "Common Crypto.bundle"; sourceTree = BUILT_PRODUCTS_DIR; };
		18B684F006944F2000CC6A1E /* 4DPluginAPI.h */ = {isa = PBXFileReference; fileEncoding = 30; lastKnownFileType = sourcecode.c.h; path = 4DPluginAPI.h; sourceTree = "<group>"; };
		18B684F106944F2000CC6A1E /* EntryPoints.h */ = {isa = PBXFileReference; fileEncoding = 30; lastKnownFileType = sourcecode.c.h; path = EntryPoints.h; sourceTree = "<group>"; };
		18B684F206944F2000CC6A1E /* Flags.h */ = {isa = PBXFileReference; fileEncoding = 30; lastKnownFileType = sourcecode.c.h; path = Flags.h; sourceTree = "<group>"; };
		18B684F306944F2000CC6A1E /* PrivateTypes.h */ = {isa = PBXFileReference; fileEncoding = 30; lastKnownFileType = sourcecode.c.h; path = PrivateTypes.h; sourceTree = "<group>"; };
		18B684F406944F2000CC6A1E /* PublicTypes.h */ = {isa = PBXFileReference; fileEncoding = 30; lastKnownFileType = sourcecode.c.h; path = PublicTypes.h; sourceTree = "<group>"; };
		18B684FE06944F8800CC6A1E /* 4DPlugin.cpp */ = {isa = PBXFileReference; explicitFileType = sourcecode.cpp.objcpp; fileEncoding = 30; path = 4DPlugin.cpp; sourceTree = "<group>"; };
		32BAE0B30371A71500C91783 /* 4D Plugin_Prefix.pch */ = {isa = PBXFileReference; fileEncoding = 4; lastKnownFileType = sourcecode.c.h; path = "4D Plugin_Prefix.pch"; sourceTree = "<group>"; };
		8D01CCD10486CAD60068D4B7 /* Info.plist */ = {isa = PBXFileReference; fileEncoding = 4; lastKnownFileType = text.plist; path = Info.plist; sourceTree = "<group>"; };
		D120937E13534DCC00A72CAA /* 4DPlugin.h */ = {isa = PBXFileReference; fileEncoding = 4; lastKnownFileType = sourcecode.c.h; path = 4DPlugin.h; sourceTree = "<group>"; };
		D12285692007472D008C75E5 /* libcrypto.a */ = {isa = PBXFileReference; lastKnownFileType = archive.ar; name = libcrypto.a; path = a/libcrypto.a; sourceTree = "<group>"; };
		D130064E12F02D9700702C0E /* Cocoa.framework */ = {isa = PBXFileReference; lastKnownFileType = wrapper.framework; name = Cocoa.framework; path = /System/Library/Frameworks/Cocoa.framework; sourceTree = "<absolute>"; };
		D13116A81A03ACB700DE1322 /* 4DPluginAPI.c */ = {isa = PBXFileReference; explicitFileType = sourcecode.cpp.objcpp; fileEncoding = 4; path = 4DPluginAPI.c; sourceTree = "<group>"; };
		D13116AA1A03B10800DE1322 /* C_LONGINT.cpp */ = {isa = PBXFileReference; explicitFileType = sourcecode.cpp.objcpp; fileEncoding = 4; name = C_LONGINT.cpp; path = Classes/C_LONGINT.cpp; sourceTree = "<group>"; };
		D13116AB1A03B10800DE1322 /* C_LONGINT.h */ = {isa = PBXFileReference; fileEncoding = 4; lastKnownFileType = sourcecode.c.h; name = C_LONGINT.h; path = Classes/C_LONGINT.h; sourceTree = "<group>"; };
		D13116AE1A03B33D00DE1322 /* C_INTEGER.cpp */ = {isa = PBXFileReference; explicitFileType = sourcecode.cpp.objcpp; fileEncoding = 4; name = C_INTEGER.cpp; path = Classes/C_INTEGER.cpp; sourceTree = "<group>"; };
		D13116AF1A03B33D00DE1322 /* C_INTEGER.h */ = {isa = PBXFileReference; fileEncoding = 4; lastKnownFileType = sourcecode.c.h; name = C_INTEGER.h; path = Classes/C_INTEGER.h; sourceTree = "<group>"; };
		D13116B21A03B3C300DE1322 /* C_DATE.cpp */ = {isa = PBXFileReference; explicitFileType = sourcecode.cpp.objcpp; fileEncoding = 4; name = C_DATE.cpp; path = Classes/C_DATE.cpp; sourceTree = "<group>"; };
		D13116B31A03B3C300DE1322 /* C_DATE.h */ = {isa = PBXFileReference; fileEncoding = 4; lastKnownFileType = sourcecode.c.h; name = C_DATE.h; path = Classes/C_DATE.h; sourceTree = "<group>"; };
		D13116B41A03B3C300DE1322 /* C_REAL.cpp */ = {isa = PBXFileReference; explicitFileType = sourcecode.cpp.objcpp; fileEncoding = 4; name = C_REAL.cpp; path = Classes/C_REAL.cpp; sourceTree = "<group>"; };
		D13116B51A03B3C300DE1322 /* C_REAL.h */ = {isa = PBXFileReference; fileEncoding = 4; lastKnownFileType = sourcecode.c.h; name = C_REAL.h; path = Classes/C_REAL.h; sourceTree = "<group>"; };
		D13116B61A03B3C300DE1322 /* C_TIME.cpp */ = {isa = PBXFileReference; explicitFileType = sourcecode.cpp.objcpp; fileEncoding = 4; name = C_TIME.cpp; path = Classes/C_TIME.cpp; sourceTree = "<group>"; };
		D13116B71A03B3C300DE1322 /* C_TIME.h */ = {isa = PBXFileReference; fileEncoding = 4; lastKnownFileType = sourcecode.c.h; name = C_TIME.h; path = Classes/C_TIME.h; sourceTree = "<group>"; };
		D13116C21A03B48900DE1322 /* C_TEXT.cpp */ = {isa = PBXFileReference; explicitFileType = sourcecode.cpp.objcpp; fileEncoding = 4; name = C_TEXT.cpp; path = Classes/C_TEXT.cpp; sourceTree = "<group>"; };
		D13116C31A03B48900DE1322 /* C_TEXT.h */ = {isa = PBXFileReference; fileEncoding = 4; lastKnownFileType = sourcecode.c.h; name = C_TEXT.h; path = Classes/C_TEXT.h; sourceTree = "<group>"; };
		D13116C61A03B5B600DE1322 /* AppKit.framework */ = {isa = PBXFileReference; lastKnownFileType = wrapper.framework; name = AppKit.framework; path = System/Library/Frameworks/AppKit.framework; sourceTree = SDKROOT; };
		D13116C81A03B5CC00DE1322 /* C_POINTER.cpp */ = {isa = PBXFileReference; explicitFileType = sourcecode.cpp.objcpp; fileEncoding = 4; name = C_POINTER.cpp; path = Classes/C_POINTER.cpp; sourceTree = "<group>"; };
		D13116C91A03B5CC00DE1322 /* C_POINTER.h */ = {isa = PBXFileReference; fileEncoding = 4; lastKnownFileType = sourcecode.c.h; name = C_POINTER.h; path = Classes/C_POINTER.h; sourceTree = "<group>"; };
		D13116CC1A03B62400DE1322 /* C_PICTURE.cpp */ = {isa = PBXFileReference; explicitFileType = sourcecode.cpp.objcpp; fileEncoding = 4; name = C_PICTURE.cpp; path = Classes/C_PICTURE.cpp; sourceTree = "<group>"; };
		D13116CD1A03B62400DE1322 /* C_PICTURE.h */ = {isa = PBXFileReference; fileEncoding = 4; lastKnownFileType = sourcecode.c.h; name = C_PICTURE.h; path = Classes/C_PICTURE.h; sourceTree = "<group>"; };
		D13116D61A03BBFC00DE1322 /* ARRAY_TEXT.cpp */ = {isa = PBXFileReference; explicitFileType = sourcecode.cpp.objcpp; fileEncoding = 4; name = ARRAY_TEXT.cpp; path = Classes/ARRAY_TEXT.cpp; sourceTree = "<group>"; };
		D13116D71A03BBFC00DE1322 /* ARRAY_TEXT.h */ = {isa = PBXFileReference; fileEncoding = 4; lastKnownFileType = sourcecode.c.h; name = ARRAY_TEXT.h; path = Classes/ARRAY_TEXT.h; sourceTree = "<group>"; };
		D13116DA1A03BC1100DE1322 /* ARRAY_BOOLEAN.cpp */ = {isa = PBXFileReference; explicitFileType = sourcecode.cpp.objcpp; fileEncoding = 4; name = ARRAY_BOOLEAN.cpp; path = Classes/ARRAY_BOOLEAN.cpp; sourceTree = "<group>"; };
		D13116DB1A03BC1100DE1322 /* ARRAY_BOOLEAN.h */ = {isa = PBXFileReference; fileEncoding = 4; lastKnownFileType = sourcecode.c.h; name = ARRAY_BOOLEAN.h; path = Classes/ARRAY_BOOLEAN.h; sourceTree = "<group>"; };
		D13116DC1A03BC1100DE1322 /* ARRAY_INTEGER.cpp */ = {isa = PBXFileReference; explicitFileType = sourcecode.cpp.objcpp; fileEncoding = 4; name = ARRAY_INTEGER.cpp; path = Classes/ARRAY_INTEGER.cpp; sourceTree = "<group>"; };
		D13116DD1A03BC1100DE1322 /* ARRAY_INTEGER.h */ = {isa = PBXFileReference; fileEncoding = 4; lastKnownFileType = sourcecode.c.h; name = ARRAY_INTEGER.h; path = Classes/ARRAY_INTEGER.h; sourceTree = "<group>"; };
		D13116DE1A03BC1100DE1322 /* ARRAY_LONGINT.cpp */ = {isa = PBXFileReference; explicitFileType = sourcecode.cpp.objcpp; fileEncoding = 4; name = ARRAY_LONGINT.cpp; path = Classes/ARRAY_LONGINT.cpp; sourceTree = "<group>"; };
		D13116DF1A03BC1100DE1322 /* ARRAY_LONGINT.h */ = {isa = PBXFileReference; fileEncoding = 4; lastKnownFileType = sourcecode.c.h; name = ARRAY_LONGINT.h; path = Classes/ARRAY_LONGINT.h; sourceTree = "<group>"; };
		D13116E01A03BC1100DE1322 /* ARRAY_REAL.cpp */ = {isa = PBXFileReference; explicitFileType = sourcecode.cpp.objcpp; fileEncoding = 4; name = ARRAY_REAL.cpp; path = Classes/ARRAY_REAL.cpp; sourceTree = "<group>"; };
		D13116E11A03BC1100DE1322 /* ARRAY_REAL.h */ = {isa = PBXFileReference; fileEncoding = 4; lastKnownFileType = sourcecode.c.h; name = ARRAY_REAL.h; path = Classes/ARRAY_REAL.h; sourceTree = "<group>"; };
		D13116EA1A03BE2300DE1322 /* ARRAY_TIME.cpp */ = {isa = PBXFileReference; explicitFileType = sourcecode.cpp.objcpp; fileEncoding = 4; name = ARRAY_TIME.cpp; path = Classes/ARRAY_TIME.cpp; sourceTree = "<group>"; };
		D13116EB1A03BE2300DE1322 /* ARRAY_TIME.h */ = {isa = PBXFileReference; fileEncoding = 4; lastKnownFileType = sourcecode.c.h; name = ARRAY_TIME.h; path = Classes/ARRAY_TIME.h; sourceTree = "<group>"; };
		D13116EE1A03C2D400DE1322 /* C_BLOB.cpp */ = {isa = PBXFileReference; explicitFileType = sourcecode.cpp.objcpp; fileEncoding = 4; name = C_BLOB.cpp; path = Classes/C_BLOB.cpp; sourceTree = "<group>"; };
		D13116EF1A03C2D400DE1322 /* C_BLOB.h */ = {isa = PBXFileReference; fileEncoding = 4; lastKnownFileType = sourcecode.c.h; name = C_BLOB.h; path = Classes/C_BLOB.h; sourceTree = "<group>"; };
		D13116F21A03C7AF00DE1322 /* ARRAY_DATE.cpp */ = {isa = PBXFileReference; explicitFileType = sourcecode.cpp.objcpp; fileEncoding = 4; name = ARRAY_DATE.cpp; path = Classes/ARRAY_DATE.cpp; sourceTree = "<group>"; };
		D13116F31A03C7AF00DE1322 /* ARRAY_DATE.h */ = {isa = PBXFileReference; fileEncoding = 4; lastKnownFileType = sourcecode.c.h; name = ARRAY_DATE.h; path = Classes/ARRAY_DATE.h; sourceTree = "<group>"; };
		D134D4A91A030B06008D14EF /* manifest.json */ = {isa = PBXFileReference; fileEncoding = 4; lastKnownFileType = text.json; path = manifest.json; sourceTree = "<group>"; };
		D14D10DD1A03A8A5008B3411 /* constants.xlf */ = {isa = PBXFileReference; fileEncoding = 4; lastKnownFileType = text.xml; path = constants.xlf; sourceTree = "<group>"; };
		D175D9CC1A02E8DD0006B569 /* CoreGraphics.framework */ = {isa = PBXFileReference; lastKnownFileType = wrapper.framework; name = CoreGraphics.framework; path = System/Library/Frameworks/CoreGraphics.framework; sourceTree = SDKROOT; };
		D1A428C720074032006BB528 /* libcrypto.a */ = {isa = PBXFileReference; lastKnownFileType = archive.ar; path = libcrypto.a; sourceTree = "<group>"; };
		D1A428CA20074688006BB528 /* libcrypto.dylib */ = {isa = PBXFileReference; lastKnownFileType = "compiled.mach-o.dylib"; name = libcrypto.dylib; path = usr/lib/libcrypto.dylib; sourceTree = SDKROOT; };
		D1A428CC20074690006BB528 /* libcommonCrypto.dylib */ = {isa = PBXFileReference; lastKnownFileType = "compiled.mach-o.dylib"; name = libcommonCrypto.dylib; path = usr/lib/system/libcommonCrypto.dylib; sourceTree = SDKROOT; };
		D1FCB70A1B38589E0000A167 /* libcrypto.1.0.0.dylib */ = {isa = PBXFileReference; lastKnownFileType = "compiled.mach-o.dylib"; name = libcrypto.1.0.0.dylib; path = lib/libcrypto.1.0.0.dylib; sourceTree = "<group>"; };
/* End PBXFileReference section */

/* Begin PBXFrameworksBuildPhase section */
		8D01CCCD0486CAD60068D4B7 /* Frameworks */ = {
			isa = PBXFrameworksBuildPhase;
			buildActionMask = 2147483647;
			files = (
				D13116C71A03B5B600DE1322 /* AppKit.framework in Frameworks */,
				D175D9CD1A02E8DD0006B569 /* CoreGraphics.framework in Frameworks */,
				D122856A2007472D008C75E5 /* libcrypto.a in Frameworks */,
				D130064F12F02D9700702C0E /* Cocoa.framework in Frameworks */,
			);
			runOnlyForDeploymentPostprocessing = 0;
		};
/* End PBXFrameworksBuildPhase section */

/* Begin PBXGroup section */
		089C166AFE841209C02AAC07 /* Common Crypto */ = {
			isa = PBXGroup;
			children = (
				D12285692007472D008C75E5 /* libcrypto.a */,
				D1A428C620074032006BB528 /* a */,
				D108BD7A1A03D1E6001F1B90 /* Manifest */,
				08FB77ADFE841716C02AAC07 /* Source */,
				089C167CFE841241C02AAC07 /* Resources */,
				089C1671FE841209C02AAC07 /* External Frameworks and Libraries */,
				189286360695AD8900B05D6E /* Products */,
				D1A428C920074688006BB528 /* Frameworks */,
			);
			name = "Common Crypto";
			sourceTree = "<group>";
		};
		089C1671FE841209C02AAC07 /* External Frameworks and Libraries */ = {
			isa = PBXGroup;
			children = (
				D1FCB70A1B38589E0000A167 /* libcrypto.1.0.0.dylib */,
				D13116C61A03B5B600DE1322 /* AppKit.framework */,
				D175D9CC1A02E8DD0006B569 /* CoreGraphics.framework */,
				D130064E12F02D9700702C0E /* Cocoa.framework */,
			);
			name = "External Frameworks and Libraries";
			sourceTree = "<group>";
		};
		089C167CFE841241C02AAC07 /* Resources */ = {
			isa = PBXGroup;
			children = (
				8D01CCD10486CAD60068D4B7 /* Info.plist */,
				089C167DFE841241C02AAC07 /* InfoPlist.strings */,
			);
			name = Resources;
			sourceTree = "<group>";
		};
		08FB77ADFE841716C02AAC07 /* Source */ = {
			isa = PBXGroup;
			children = (
				18B684FE06944F8800CC6A1E /* 4DPlugin.cpp */,
				D120937E13534DCC00A72CAA /* 4DPlugin.h */,
				18B684ED06944F2000CC6A1E /* 4D Plugin API */,
				32BAE0B30371A71500C91783 /* 4D Plugin_Prefix.pch */,
			);
			name = Source;
			sourceTree = "<group>";
		};
		189286360695AD8900B05D6E /* Products */ = {
			isa = PBXGroup;
			children = (
				189286350695AD8900B05D6E /* Common Crypto.bundle */,
			);
			name = Products;
			sourceTree = "<group>";
		};
		18B684ED06944F2000CC6A1E /* 4D Plugin API */ = {
			isa = PBXGroup;
			children = (
				D19CC171135378140004336E /* Classes */,
				D13116A81A03ACB700DE1322 /* 4DPluginAPI.c */,
				18B684F006944F2000CC6A1E /* 4DPluginAPI.h */,
				18B684F106944F2000CC6A1E /* EntryPoints.h */,
				18B684F206944F2000CC6A1E /* Flags.h */,
				18B684F306944F2000CC6A1E /* PrivateTypes.h */,
				18B684F406944F2000CC6A1E /* PublicTypes.h */,
			);
			path = "4D Plugin API";
			sourceTree = "<group>";
		};
		D108BD7A1A03D1E6001F1B90 /* Manifest */ = {
			isa = PBXGroup;
			children = (
				D134D4A91A030B06008D14EF /* manifest.json */,
				D14D10DD1A03A8A5008B3411 /* constants.xlf */,
			);
			name = Manifest;
			sourceTree = "<group>";
		};
		D13116D01A03BBA100DE1322 /* C */ = {
			isa = PBXGroup;
			children = (
				D13116EE1A03C2D400DE1322 /* C_BLOB.cpp */,
				D13116EF1A03C2D400DE1322 /* C_BLOB.h */,
				D13116C81A03B5CC00DE1322 /* C_POINTER.cpp */,
				D13116C91A03B5CC00DE1322 /* C_POINTER.h */,
				D13116C21A03B48900DE1322 /* C_TEXT.cpp */,
				D13116C31A03B48900DE1322 /* C_TEXT.h */,
				D13116B21A03B3C300DE1322 /* C_DATE.cpp */,
				D13116B31A03B3C300DE1322 /* C_DATE.h */,
				D13116B41A03B3C300DE1322 /* C_REAL.cpp */,
				D13116B51A03B3C300DE1322 /* C_REAL.h */,
				D13116B61A03B3C300DE1322 /* C_TIME.cpp */,
				D13116B71A03B3C300DE1322 /* C_TIME.h */,
				D13116AA1A03B10800DE1322 /* C_LONGINT.cpp */,
				D13116AB1A03B10800DE1322 /* C_LONGINT.h */,
				D13116AE1A03B33D00DE1322 /* C_INTEGER.cpp */,
				D13116AF1A03B33D00DE1322 /* C_INTEGER.h */,
				D13116CC1A03B62400DE1322 /* C_PICTURE.cpp */,
				D13116CD1A03B62400DE1322 /* C_PICTURE.h */,
			);
			name = C;
			sourceTree = "<group>";
		};
		D13116D11A03BBB800DE1322 /* ARRAY */ = {
			isa = PBXGroup;
			children = (
				D13116EA1A03BE2300DE1322 /* ARRAY_TIME.cpp */,
				D13116EB1A03BE2300DE1322 /* ARRAY_TIME.h */,
				D13116DA1A03BC1100DE1322 /* ARRAY_BOOLEAN.cpp */,
				D13116DB1A03BC1100DE1322 /* ARRAY_BOOLEAN.h */,
				D13116DC1A03BC1100DE1322 /* ARRAY_INTEGER.cpp */,
				D13116DD1A03BC1100DE1322 /* ARRAY_INTEGER.h */,
				D13116DE1A03BC1100DE1322 /* ARRAY_LONGINT.cpp */,
				D13116DF1A03BC1100DE1322 /* ARRAY_LONGINT.h */,
				D13116E01A03BC1100DE1322 /* ARRAY_REAL.cpp */,
				D13116E11A03BC1100DE1322 /* ARRAY_REAL.h */,
				D13116F21A03C7AF00DE1322 /* ARRAY_DATE.cpp */,
				D13116F31A03C7AF00DE1322 /* ARRAY_DATE.h */,
				D13116D61A03BBFC00DE1322 /* ARRAY_TEXT.cpp */,
				D13116D71A03BBFC00DE1322 /* ARRAY_TEXT.h */,
			);
			name = ARRAY;
			sourceTree = "<group>";
		};
		D19CC171135378140004336E /* Classes */ = {
			isa = PBXGroup;
			children = (
				D13116D11A03BBB800DE1322 /* ARRAY */,
				D13116D01A03BBA100DE1322 /* C */,
			);
			name = Classes;
			sourceTree = "<group>";
		};
		D1A428C620074032006BB528 /* a */ = {
			isa = PBXGroup;
			children = (
				D1A428C720074032006BB528 /* libcrypto.a */,
			);
			path = a;
			sourceTree = "<group>";
		};
		D1A428C920074688006BB528 /* Frameworks */ = {
			isa = PBXGroup;
			children = (
				D1A428CC20074690006BB528 /* libcommonCrypto.dylib */,
				D1A428CA20074688006BB528 /* libcrypto.dylib */,
			);
			name = Frameworks;
			sourceTree = "<group>";
		};
/* End PBXGroup section */

/* Begin PBXHeadersBuildPhase section */
		8D01CCC70486CAD60068D4B7 /* Headers */ = {
			isa = PBXHeadersBuildPhase;
			buildActionMask = 2147483647;
			files = (
				8D01CCC80486CAD60068D4B7 /* 4D Plugin_Prefix.pch in Headers */,
				D13116F11A03C2D400DE1322 /* C_BLOB.h in Headers */,
				D13116D91A03BBFC00DE1322 /* ARRAY_TEXT.h in Headers */,
				18B684F706944F2000CC6A1E /* 4DPluginAPI.h in Headers */,
				D13116B91A03B3C300DE1322 /* C_DATE.h in Headers */,
				D13116BD1A03B3C300DE1322 /* C_TIME.h in Headers */,
				18B684F806944F2000CC6A1E /* EntryPoints.h in Headers */,
				18B684F906944F2000CC6A1E /* Flags.h in Headers */,
				D13116E31A03BC1100DE1322 /* ARRAY_BOOLEAN.h in Headers */,
				D13116B11A03B33D00DE1322 /* C_INTEGER.h in Headers */,
				18B684FA06944F2000CC6A1E /* PrivateTypes.h in Headers */,
				18B684FB06944F2000CC6A1E /* PublicTypes.h in Headers */,
				D13116E91A03BC1100DE1322 /* ARRAY_REAL.h in Headers */,
				D13116ED1A03BE2300DE1322 /* ARRAY_TIME.h in Headers */,
				D13116CB1A03B5CC00DE1322 /* C_POINTER.h in Headers */,
				D13116BB1A03B3C300DE1322 /* C_REAL.h in Headers */,
				D13116E71A03BC1100DE1322 /* ARRAY_LONGINT.h in Headers */,
				D13116C51A03B48900DE1322 /* C_TEXT.h in Headers */,
				D13116AD1A03B10800DE1322 /* C_LONGINT.h in Headers */,
				D120937F13534DCC00A72CAA /* 4DPlugin.h in Headers */,
				D13116E51A03BC1100DE1322 /* ARRAY_INTEGER.h in Headers */,
				D13116F51A03C7AF00DE1322 /* ARRAY_DATE.h in Headers */,
				D13116CF1A03B62400DE1322 /* C_PICTURE.h in Headers */,
			);
			runOnlyForDeploymentPostprocessing = 0;
		};
/* End PBXHeadersBuildPhase section */

/* Begin PBXNativeTarget section */
		8D01CCC60486CAD60068D4B7 /* Common Crypto */ = {
			isa = PBXNativeTarget;
			buildConfigurationList = 42D60B3F0A9DDBC8002ABB42 /* Build configuration list for PBXNativeTarget "Common Crypto" */;
			buildPhases = (
				8D01CCC70486CAD60068D4B7 /* Headers */,
				8D01CCC90486CAD60068D4B7 /* Resources */,
				D134D4AB1A030B7A008D14EF /* CopyFiles */,
				8D01CCCB0486CAD60068D4B7 /* Sources */,
				8D01CCCD0486CAD60068D4B7 /* Frameworks */,
				8D01CCCF0486CAD60068D4B7 /* Rez */,
			);
			buildRules = (
			);
			dependencies = (
			);
			name = "Common Crypto";
			productInstallPath = "$(HOME)/Library/Bundles";
			productName = "Common Crypto";
			productReference = 189286350695AD8900B05D6E /* Common Crypto.bundle */;
			productType = "com.apple.product-type.bundle";
		};
/* End PBXNativeTarget section */

/* Begin PBXProject section */
		089C1669FE841209C02AAC07 /* Project object */ = {
			isa = PBXProject;
			attributes = {
				LastUpgradeCheck = 0820;
				TargetAttributes = {
					8D01CCC60486CAD60068D4B7 = {
						DevelopmentTeam = Y69CWUC25B;
						ProvisioningStyle = Automatic;
					};
				};
			};
			buildConfigurationList = 42D60B430A9DDBC8002ABB42 /* Build configuration list for PBXProject "Common Crypto" */;
			compatibilityVersion = "Xcode 3.2";
			developmentRegion = English;
			hasScannedForEncodings = 1;
			knownRegions = (
				English,
				Japanese,
				French,
				German,
			);
			mainGroup = 089C166AFE841209C02AAC07 /* Common Crypto */;
			productRefGroup = 189286360695AD8900B05D6E /* Products */;
			projectDirPath = "";
			projectRoot = "";
			targets = (
				8D01CCC60486CAD60068D4B7 /* Common Crypto */,
			);
		};
/* End PBXProject section */

/* Begin PBXResourcesBuildPhase section */
		8D01CCC90486CAD60068D4B7 /* Resources */ = {
			isa = PBXResourcesBuildPhase;
			buildActionMask = 2147483647;
			files = (
				8D01CCCA0486CAD60068D4B7 /* InfoPlist.strings in Resources */,
			);
			runOnlyForDeploymentPostprocessing = 0;
		};
/* End PBXResourcesBuildPhase section */

/* Begin PBXRezBuildPhase section */
		8D01CCCF0486CAD60068D4B7 /* Rez */ = {
			isa = PBXRezBuildPhase;
			buildActionMask = 2147483647;
			files = (
			);
			runOnlyForDeploymentPostprocessing = 0;
		};
/* End PBXRezBuildPhase section */

/* Begin PBXSourcesBuildPhase section */
		8D01CCCB0486CAD60068D4B7 /* Sources */ = {
			isa = PBXSourcesBuildPhase;
			buildActionMask = 2147483647;
			files = (
				D13116AC1A03B10800DE1322 /* C_LONGINT.cpp in Sources */,
				D13116E81A03BC1100DE1322 /* ARRAY_REAL.cpp in Sources */,
				18B684FF06944F8800CC6A1E /* 4DPlugin.cpp in Sources */,
				D13116D81A03BBFC00DE1322 /* ARRAY_TEXT.cpp in Sources */,
				D13116B81A03B3C300DE1322 /* C_DATE.cpp in Sources */,
				D13116E61A03BC1100DE1322 /* ARRAY_LONGINT.cpp in Sources */,
				D13116E41A03BC1100DE1322 /* ARRAY_INTEGER.cpp in Sources */,
				D13116BC1A03B3C300DE1322 /* C_TIME.cpp in Sources */,
				D13116C41A03B48900DE1322 /* C_TEXT.cpp in Sources */,
				D13116F01A03C2D400DE1322 /* C_BLOB.cpp in Sources */,
				D13116CE1A03B62400DE1322 /* C_PICTURE.cpp in Sources */,
				D13116CA1A03B5CC00DE1322 /* C_POINTER.cpp in Sources */,
				D13116EC1A03BE2300DE1322 /* ARRAY_TIME.cpp in Sources */,
				D13116B01A03B33D00DE1322 /* C_INTEGER.cpp in Sources */,
				D13116A91A03ACB700DE1322 /* 4DPluginAPI.c in Sources */,
				D13116E21A03BC1100DE1322 /* ARRAY_BOOLEAN.cpp in Sources */,
				D13116BA1A03B3C300DE1322 /* C_REAL.cpp in Sources */,
				D13116F41A03C7AF00DE1322 /* ARRAY_DATE.cpp in Sources */,
			);
			runOnlyForDeploymentPostprocessing = 0;
		};
/* End PBXSourcesBuildPhase section */

/* Begin PBXVariantGroup section */
		089C167DFE841241C02AAC07 /* InfoPlist.strings */ = {
			isa = PBXVariantGroup;
			children = (
				089C167EFE841241C02AAC07 /* English */,
			);
			name = InfoPlist.strings;
			sourceTree = "<group>";
		};
/* End PBXVariantGroup section */

/* Begin XCBuildConfiguration section */
		42D60B400A9DDBC8002ABB42 /* Development */ = {
			isa = XCBuildConfiguration;
			buildSettings = {
				CLANG_LINK_OBJC_RUNTIME = NO;
				CODE_SIGN_IDENTITY = "Mac Developer";
				COMBINE_HIDPI_IMAGES = YES;
				COPY_PHASE_STRIP = NO;
				DEBUGGING_SYMBOLS = YES;
				DEPLOYMENT_LOCATION = NO;
				DEVELOPMENT_TEAM = Y69CWUC25B;
				FRAMEWORK_SEARCH_PATHS = "";
				GCC_DYNAMIC_NO_PIC = NO;
				GCC_ENABLE_FIX_AND_CONTINUE = YES;
				GCC_ENABLE_TRIGRAPHS = NO;
				GCC_GENERATE_DEBUGGING_SYMBOLS = YES;
				GCC_OPTIMIZATION_LEVEL = 0;
				GCC_PRECOMPILE_PREFIX_HEADER = YES;
				GCC_PREFIX_HEADER = "4D Plugin_Prefix.pch";
				GCC_WARN_ABOUT_MISSING_PROTOTYPES = NO;
				GCC_WARN_FOUR_CHARACTER_CONSTANTS = NO;
				GCC_WARN_UNKNOWN_PRAGMAS = NO;
				HEADER_SEARCH_PATHS = "$(SRCROOT)/include/**";
				INFOPLIST_FILE = Info.plist;
				INSTALL_PATH = "$(HOME)/Library/Bundles";
				LIBRARY_SEARCH_PATHS = (
					"$(inherited)",
					"$(PROJECT_DIR)/a",
				);
				LIBRARY_STYLE = Bundle;
				OTHER_CFLAGS = "";
				OTHER_LDFLAGS = "";
				OTHER_REZFLAGS = "";
				PRODUCT_BUNDLE_IDENTIFIER = com.4D.CommonCrypto;
				PRODUCT_NAME = "Common Crypto";
				SECTORDER_FLAGS = "";
				WARNING_CFLAGS = (
					"-Wmost",
					"-Wno-four-char-constants",
					"-Wno-unknown-pragmas",
				);
				WRAPPER_EXTENSION = bundle;
				ZERO_LINK = YES;
			};
			name = Development;
		};
		42D60B410A9DDBC8002ABB42 /* Deployment */ = {
			isa = XCBuildConfiguration;
			buildSettings = {
				CLANG_LINK_OBJC_RUNTIME = NO;
				CODE_SIGN_IDENTITY = "Mac Developer";
				COMBINE_HIDPI_IMAGES = YES;
				COPY_PHASE_STRIP = YES;
				DEPLOYMENT_LOCATION = NO;
				DEVELOPMENT_TEAM = Y69CWUC25B;
				FRAMEWORK_SEARCH_PATHS = "";
				GCC_ENABLE_FIX_AND_CONTINUE = NO;
				GCC_ENABLE_TRIGRAPHS = NO;
				GCC_GENERATE_DEBUGGING_SYMBOLS = NO;
				GCC_PRECOMPILE_PREFIX_HEADER = YES;
				GCC_PREFIX_HEADER = "4D Plugin_Prefix.pch";
				GCC_WARN_ABOUT_MISSING_PROTOTYPES = NO;
				GCC_WARN_FOUR_CHARACTER_CONSTANTS = NO;
				GCC_WARN_UNKNOWN_PRAGMAS = NO;
				HEADER_SEARCH_PATHS = "$(SRCROOT)/include/**";
				INFOPLIST_FILE = Info.plist;
				INSTALL_PATH = "$(HOME)/Library/Bundles";
				LIBRARY_SEARCH_PATHS = (
					"$(inherited)",
					"$(PROJECT_DIR)/a",
				);
				LIBRARY_STYLE = Bundle;
				OTHER_CFLAGS = "";
				OTHER_LDFLAGS = "";
				OTHER_REZFLAGS = "";
				PRODUCT_BUNDLE_IDENTIFIER = com.4D.CommonCrypto;
				PRODUCT_NAME = "Common Crypto";
				SECTORDER_FLAGS = "";
				WARNING_CFLAGS = (
					"-Wmost",
					"-Wno-four-char-constants",
					"-Wno-unknown-pragmas",
				);
				WRAPPER_EXTENSION = bundle;
				ZERO_LINK = NO;
			};
			name = Deployment;
		};
		42D60B420A9DDBC8002ABB42 /* Default */ = {
			isa = XCBuildConfiguration;
			buildSettings = {
				CLANG_LINK_OBJC_RUNTIME = NO;
				CODE_SIGN_IDENTITY = "Mac Developer";
				COMBINE_HIDPI_IMAGES = YES;
				DEPLOYMENT_LOCATION = NO;
				DEVELOPMENT_TEAM = Y69CWUC25B;
				FRAMEWORK_SEARCH_PATHS = "";
				GCC_ENABLE_TRIGRAPHS = NO;
				GCC_GENERATE_DEBUGGING_SYMBOLS = NO;
				GCC_PRECOMPILE_PREFIX_HEADER = YES;
				GCC_PREFIX_HEADER = "4D Plugin_Prefix.pch";
				GCC_WARN_ABOUT_MISSING_PROTOTYPES = NO;
				GCC_WARN_FOUR_CHARACTER_CONSTANTS = NO;
				GCC_WARN_UNKNOWN_PRAGMAS = NO;
				HEADER_SEARCH_PATHS = "$(SRCROOT)/include/**";
				INFOPLIST_FILE = Info.plist;
				INSTALL_PATH = "$(HOME)/Library/Bundles";
				LIBRARY_SEARCH_PATHS = (
					"$(inherited)",
					"$(PROJECT_DIR)/a",
				);
				LIBRARY_STYLE = Bundle;
				OTHER_CFLAGS = "";
				OTHER_LDFLAGS = "";
				OTHER_REZFLAGS = "";
				PRODUCT_BUNDLE_IDENTIFIER = com.4D.CommonCrypto;
				PRODUCT_NAME = "Common Crypto";
				SECTORDER_FLAGS = "";
				WARNING_CFLAGS = (
					"-Wmost",
					"-Wno-four-char-constants",
					"-Wno-unknown-pragmas",
				);
				WRAPPER_EXTENSION = bundle;
			};
			name = Default;
		};
		42D60B440A9DDBC8002ABB42 /* Development */ = {
			isa = XCBuildConfiguration;
			buildSettings = {
				ARCHS = "$(ARCHS_STANDARD_32_64_BIT)";
				CLANG_WARN_BOOL_CONVERSION = YES;
				CLANG_WARN_CONSTANT_CONVERSION = YES;
				CLANG_WARN_EMPTY_BODY = YES;
				CLANG_WARN_ENUM_CONVERSION = YES;
				CLANG_WARN_INFINITE_RECURSION = YES;
				CLANG_WARN_INT_CONVERSION = YES;
				CLANG_WARN_SUSPICIOUS_MOVE = YES;
				CLANG_WARN_UNREACHABLE_CODE = YES;
				CLANG_WARN__DUPLICATE_METHOD_MATCH = YES;
				CONFIGURATION_BUILD_DIR = "$(BUILD_DIR)";
				ENABLE_STRICT_OBJC_MSGSEND = YES;
				GCC_INLINES_ARE_PRIVATE_EXTERN = YES;
				GCC_NO_COMMON_BLOCKS = YES;
				GCC_SYMBOLS_PRIVATE_EXTERN = YES;
				GCC_VERSION = "";
				GCC_WARN_64_TO_32_BIT_CONVERSION = YES;
				GCC_WARN_ABOUT_RETURN_TYPE = YES;
				GCC_WARN_UNDECLARED_SELECTOR = YES;
				GCC_WARN_UNINITIALIZED_AUTOS = YES;
				GCC_WARN_UNUSED_FUNCTION = YES;
				GCC_WARN_UNUSED_VARIABLE = YES;
				HEADER_SEARCH_PATHS = "$(SRCROOT)/include/**";
				MACOSX_DEPLOYMENT_TARGET = 10.8;
				OBJROOT = "$(SRCROOT)/build";
				SDKROOT = macosx10.8;
				SYMROOT = "$(SRCROOT)/$(PRODUCT_NAME).4dbase/Plugins";
				USER_HEADER_SEARCH_PATHS = "$(SRCROOT)/include/**";
			};
			name = Development;
		};
		42D60B450A9DDBC8002ABB42 /* Deployment */ = {
			isa = XCBuildConfiguration;
			buildSettings = {
				ARCHS = "$(ARCHS_STANDARD_32_64_BIT)";
				CLANG_WARN_BOOL_CONVERSION = YES;
				CLANG_WARN_CONSTANT_CONVERSION = YES;
				CLANG_WARN_EMPTY_BODY = YES;
				CLANG_WARN_ENUM_CONVERSION = YES;
				CLANG_WARN_INFINITE_RECURSION = YES;
				CLANG_WARN_INT_CONVERSION = YES;
				CLANG_WARN_SUSPICIOUS_MOVE = YES;
				CLANG_WARN_UNREACHABLE_CODE = YES;
				CLANG_WARN__DUPLICATE_METHOD_MATCH = YES;
				CONFIGURATION_BUILD_DIR = "$(BUILD_DIR)";
				ENABLE_STRICT_OBJC_MSGSEND = YES;
				GCC_INLINES_ARE_PRIVATE_EXTERN = YES;
				GCC_NO_COMMON_BLOCKS = YES;
				GCC_SYMBOLS_PRIVATE_EXTERN = YES;
				GCC_VERSION = "";
				GCC_WARN_64_TO_32_BIT_CONVERSION = YES;
				GCC_WARN_ABOUT_RETURN_TYPE = YES;
				GCC_WARN_UNDECLARED_SELECTOR = YES;
				GCC_WARN_UNINITIALIZED_AUTOS = YES;
				GCC_WARN_UNUSED_FUNCTION = YES;
				GCC_WARN_UNUSED_VARIABLE = YES;
				HEADER_SEARCH_PATHS = "$(SRCROOT)/include/**";
				MACOSX_DEPLOYMENT_TARGET = 10.8;
				OBJROOT = "$(SRCROOT)/build";
				SDKROOT = macosx10.8;
				SYMROOT = "$(SRCROOT)/$(PRODUCT_NAME).4dbase/Plugins";
				USER_HEADER_SEARCH_PATHS = "$(SRCROOT)/include/**";
			};
			name = Deployment;
		};
		42D60B460A9DDBC8002ABB42 /* Default */ = {
			isa = XCBuildConfiguration;
			buildSettings = {
				ARCHS = "$(ARCHS_STANDARD_32_64_BIT)";
				CLANG_WARN_BOOL_CONVERSION = YES;
				CLANG_WARN_CONSTANT_CONVERSION = YES;
				CLANG_WARN_EMPTY_BODY = YES;
				CLANG_WARN_ENUM_CONVERSION = YES;
				CLANG_WARN_INFINITE_RECURSION = YES;
				CLANG_WARN_INT_CONVERSION = YES;
				CLANG_WARN_SUSPICIOUS_MOVE = YES;
				CLANG_WARN_UNREACHABLE_CODE = YES;
				CLANG_WARN__DUPLICATE_METHOD_MATCH = YES;
				ENABLE_STRICT_OBJC_MSGSEND = YES;
				GCC_INLINES_ARE_PRIVATE_EXTERN = YES;
				GCC_NO_COMMON_BLOCKS = YES;
				GCC_SYMBOLS_PRIVATE_EXTERN = YES;
				GCC_VERSION = "";
				GCC_WARN_64_TO_32_BIT_CONVERSION = YES;
				GCC_WARN_ABOUT_RETURN_TYPE = YES;
				GCC_WARN_UNDECLARED_SELECTOR = YES;
				GCC_WARN_UNINITIALIZED_AUTOS = YES;
				GCC_WARN_UNUSED_FUNCTION = YES;
				GCC_WARN_UNUSED_VARIABLE = YES;
				HEADER_SEARCH_PATHS = "$(SRCROOT)/include/**";
				MACOSX_DEPLOYMENT_TARGET = 10.8;
				SDKROOT = macosx10.8;
				SYMROOT = "$(SRCROOT)/$(PRODUCT_NAME).4dbase/Plugins";
				USER_HEADER_SEARCH_PATHS = "$(SRCROOT)/include/**";
			};
			name = Default;
		};
/* End XCBuildConfiguration section */

/* Begin XCConfigurationList section */
		42D60B3F0A9DDBC8002ABB42 /* Build configuration list for PBXNativeTarget "Common Crypto" */ = {
			isa = XCConfigurationList;
			buildConfigurations = (
				42D60B400A9DDBC8002ABB42 /* Development */,
				42D60B410A9DDBC8002ABB42 /* Deployment */,
				42D60B420A9DDBC8002ABB42 /* Default */,
			);
			defaultConfigurationIsVisible = 0;
			defaultConfigurationName = Default;
		};
		42D60B430A9DDBC8002ABB42 /* Build configuration list for PBXProject "Common Crypto" */ = {
			isa = XCConfigurationList;
			buildConfigurations = (
				42D60B440A9DDBC8002ABB42 /* Development */,
				42D60B450A9DDBC8002ABB42 /* Deployment */,
				42D60B460A9DDBC8002ABB42 /* Default */,
			);
			defaultConfigurationIsVisible = 0;
			defaultConfigurationName = Default;
		};
/* End XCConfigurationList section */
	};
	rootObject = 089C1669FE841209C02AAC07 /* Project object */;
}
